// !$*UTF8*$!
{
	archiveVersion = 1;
	classes = {
	};
	objectVersion = 52;
	objects = {

/* Begin PBXBuildFile section */
		C66B07FD25572B6400D911CE /* APICall.swift in Sources */ = {isa = PBXBuildFile; fileRef = C66B07FC25572B6400D911CE /* APICall.swift */; };
		C66B080225572B9000D911CE /* CancelBag.swift in Sources */ = {isa = PBXBuildFile; fileRef = C66B080125572B9000D911CE /* CancelBag.swift */; };
		C66B080725572BBD00D911CE /* Helpers.swift in Sources */ = {isa = PBXBuildFile; fileRef = C66B080625572BBD00D911CE /* Helpers.swift */; };
		C66B080C25572BF300D911CE /* LazyList.swift in Sources */ = {isa = PBXBuildFile; fileRef = C66B080B25572BF300D911CE /* LazyList.swift */; };
		C66B081125572C1600D911CE /* Loadable.swift in Sources */ = {isa = PBXBuildFile; fileRef = C66B081025572C1600D911CE /* Loadable.swift */; };
		C66B081625572C3400D911CE /* NetworkingHelpers.swift in Sources */ = {isa = PBXBuildFile; fileRef = C66B081525572C3400D911CE /* NetworkingHelpers.swift */; };
		C66B081B25572C8900D911CE /* Store.swift in Sources */ = {isa = PBXBuildFile; fileRef = C66B081A25572C8900D911CE /* Store.swift */; };
		C66B082125572CF000D911CE /* WebRepository.swift in Sources */ = {isa = PBXBuildFile; fileRef = C66B082025572CF000D911CE /* WebRepository.swift */; };
		C66B082C25572E3E00D911CE /* Country.swift in Sources */ = {isa = PBXBuildFile; fileRef = C66B082B25572E3E00D911CE /* Country.swift */; };
		C66B083125572F1600D911CE /* MockedModel.swift in Sources */ = {isa = PBXBuildFile; fileRef = C66B083025572F1600D911CE /* MockedModel.swift */; };
		C66B083625572FF900D911CE /* ErrorView.swift in Sources */ = {isa = PBXBuildFile; fileRef = C66B083525572FF900D911CE /* ErrorView.swift */; };
		C66B083B2557301F00D911CE /* ActivityIndicatorView.swift in Sources */ = {isa = PBXBuildFile; fileRef = C66B083A2557301F00D911CE /* ActivityIndicatorView.swift */; };
		C66B08452557306700D911CE /* SearchBar.swift in Sources */ = {isa = PBXBuildFile; fileRef = C66B08442557306700D911CE /* SearchBar.swift */; };
		C66B084E25573D3200D911CE /* EnvironmentOverrides in Frameworks */ = {isa = PBXBuildFile; productRef = C66B084D25573D3200D911CE /* EnvironmentOverrides */; };
		C66B0881255759FA00D911CE /* CountriesInteractor.swift in Sources */ = {isa = PBXBuildFile; fileRef = C66B0880255759FA00D911CE /* CountriesInteractor.swift */; };
		C66B088625575C4C00D911CE /* ImagesInteractor.swift in Sources */ = {isa = PBXBuildFile; fileRef = C66B088525575C4C00D911CE /* ImagesInteractor.swift */; };
		C66B088B25575CD000D911CE /* UserPermissionsInteractor.swift in Sources */ = {isa = PBXBuildFile; fileRef = C66B088A25575CD000D911CE /* UserPermissionsInteractor.swift */; };
		C66B0891255FBCA400D911CE /* ImageWebRepository.swift in Sources */ = {isa = PBXBuildFile; fileRef = C66B0890255FBCA400D911CE /* ImageWebRepository.swift */; };
		C66B0897255FBD0700D911CE /* CountriesWebRepository.swift in Sources */ = {isa = PBXBuildFile; fileRef = C66B0896255FBD0700D911CE /* CountriesWebRepository.swift */; };
		C66B089D255FBD4F00D911CE /* PushTokenWebRepository.swift in Sources */ = {isa = PBXBuildFile; fileRef = C66B089C255FBD4F00D911CE /* PushTokenWebRepository.swift */; };
		C66B08A3255FF94B00D911CE /* extensionString.swift in Sources */ = {isa = PBXBuildFile; fileRef = C66B08A2255FF94B00D911CE /* extensionString.swift */; };
		C66B08A8255FF97800D911CE /* extensionInt.swift in Sources */ = {isa = PBXBuildFile; fileRef = C66B08A7255FF97800D911CE /* extensionInt.swift */; };
		C66B08AD255FF9E100D911CE /* extensionStringDate.swift in Sources */ = {isa = PBXBuildFile; fileRef = C66B08AC255FF9E100D911CE /* extensionStringDate.swift */; };
		C66B08E82560458200D911CE /* SVGImageView.swift in Sources */ = {isa = PBXBuildFile; fileRef = C66B08E72560458200D911CE /* SVGImageView.swift */; };
		C66B08ED256045D400D911CE /* DetailRow.swift in Sources */ = {isa = PBXBuildFile; fileRef = C66B08EC256045D400D911CE /* DetailRow.swift */; };
		C66B08F52560952100D911CE /* OnboardingRepositioning.swift in Sources */ = {isa = PBXBuildFile; fileRef = C66B08F42560952100D911CE /* OnboardingRepositioning.swift */; };
		C66B08FA2560997400D911CE /* OnboardingRepository.swift in Sources */ = {isa = PBXBuildFile; fileRef = C66B08F92560997400D911CE /* OnboardingRepository.swift */; };
		C66B08FF2560A0F600D911CE /* OnboardingInteractor.swift in Sources */ = {isa = PBXBuildFile; fileRef = C66B08FE2560A0F600D911CE /* OnboardingInteractor.swift */; };
		C66B09042560A29D00D911CE /* OnboardingIntractable.swift in Sources */ = {isa = PBXBuildFile; fileRef = C66B09032560A29D00D911CE /* OnboardingIntractable.swift */; };
		C66B09092560A4D100D911CE /* OnboardingInteractorFake.swift in Sources */ = {isa = PBXBuildFile; fileRef = C66B09082560A4D100D911CE /* OnboardingInteractorFake.swift */; };
		C67FD3372562ABAF00D261F3 /* AvatarIntroView.swift in Sources */ = {isa = PBXBuildFile; fileRef = C67FD3362562ABAF00D261F3 /* AvatarIntroView.swift */; };
		C67FD33C2562B97A00D261F3 /* CardView.swift in Sources */ = {isa = PBXBuildFile; fileRef = C67FD33B2562B97A00D261F3 /* CardView.swift */; };
		C67FD3412562BDC300D261F3 /* ProductCard.swift in Sources */ = {isa = PBXBuildFile; fileRef = C67FD3402562BDC300D261F3 /* ProductCard.swift */; };
		C67FD3462562C4FE00D261F3 /* AchievementCard.swift in Sources */ = {isa = PBXBuildFile; fileRef = C67FD3452562C4FE00D261F3 /* AchievementCard.swift */; };
		C67FD34F25630CEA00D261F3 /* AchivementsView.swift in Sources */ = {isa = PBXBuildFile; fileRef = C67FD34E25630CE900D261F3 /* AchivementsView.swift */; };
		C68AA06925533DA200F88201 /* AppDelegate.swift in Sources */ = {isa = PBXBuildFile; fileRef = C68AA06825533DA200F88201 /* AppDelegate.swift */; };
		C68AA06B25533DA200F88201 /* SceneDelegate.swift in Sources */ = {isa = PBXBuildFile; fileRef = C68AA06A25533DA200F88201 /* SceneDelegate.swift */; };
		C68AA06E25533DA200F88201 /* nrgWayWellness.xcdatamodeld in Sources */ = {isa = PBXBuildFile; fileRef = C68AA06C25533DA200F88201 /* nrgWayWellness.xcdatamodeld */; };
		C68AA07025533DA200F88201 /* CoreContentView.swift in Sources */ = {isa = PBXBuildFile; fileRef = C68AA06F25533DA200F88201 /* CoreContentView.swift */; };
		C68AA07225533DA700F88201 /* Assets.xcassets in Resources */ = {isa = PBXBuildFile; fileRef = C68AA07125533DA700F88201 /* Assets.xcassets */; };
		C68AA07525533DA700F88201 /* Preview Assets.xcassets in Resources */ = {isa = PBXBuildFile; fileRef = C68AA07425533DA700F88201 /* Preview Assets.xcassets */; };
		C68AA07825533DA700F88201 /* LaunchScreen.storyboard in Resources */ = {isa = PBXBuildFile; fileRef = C68AA07625533DA700F88201 /* LaunchScreen.storyboard */; };
		C68AA08325533DA700F88201 /* nrgWayWellnessTests.swift in Sources */ = {isa = PBXBuildFile; fileRef = C68AA08225533DA700F88201 /* nrgWayWellnessTests.swift */; };
		C68AA08E25533DA700F88201 /* nrgWayWellnessUITests.swift in Sources */ = {isa = PBXBuildFile; fileRef = C68AA08D25533DA700F88201 /* nrgWayWellnessUITests.swift */; };
		C68AA09D255341EF00F88201 /* OnboardingView.swift in Sources */ = {isa = PBXBuildFile; fileRef = C68AA09C255341EF00F88201 /* OnboardingView.swift */; };
		C68AA09F2553420800F88201 /* PageControl.swift in Sources */ = {isa = PBXBuildFile; fileRef = C68AA09E2553420800F88201 /* PageControl.swift */; };
		C68AA0A12553423200F88201 /* PageViewController.swift in Sources */ = {isa = PBXBuildFile; fileRef = C68AA0A02553423200F88201 /* PageViewController.swift */; };
		C68AA0A32553424700F88201 /* Subview.swift in Sources */ = {isa = PBXBuildFile; fileRef = C68AA0A22553424700F88201 /* Subview.swift */; };
		C68AA0A52553425700F88201 /* PagesView.swift in Sources */ = {isa = PBXBuildFile; fileRef = C68AA0A42553425700F88201 /* PagesView.swift */; };
		C68AA0A82553440100F88201 /* DataStore.swift in Sources */ = {isa = PBXBuildFile; fileRef = C68AA0A72553440100F88201 /* DataStore.swift */; };
		C68AA0AA2553443A00F88201 /* UserDefault.swift in Sources */ = {isa = PBXBuildFile; fileRef = C68AA0A92553443A00F88201 /* UserDefault.swift */; };
		C68AA0AD2553499700F88201 /* SignUpView.swift in Sources */ = {isa = PBXBuildFile; fileRef = C68AA0AC2553499700F88201 /* SignUpView.swift */; };
		C68AA0AF255349A600F88201 /* ForgotPasswordView.swift in Sources */ = {isa = PBXBuildFile; fileRef = C68AA0AE255349A600F88201 /* ForgotPasswordView.swift */; };
		C68AA0B1255349B500F88201 /* LoginView.swift in Sources */ = {isa = PBXBuildFile; fileRef = C68AA0B0255349B500F88201 /* LoginView.swift */; };
		C68AA0B325534A9200F88201 /* OtherData.swift in Sources */ = {isa = PBXBuildFile; fileRef = C68AA0B225534A9200F88201 /* OtherData.swift */; };
		C68AA0B7255359C000F88201 /* TabbarVC.swift in Sources */ = {isa = PBXBuildFile; fileRef = C68AA0B6255359C000F88201 /* TabbarVC.swift */; };
		C6AE2F102561485B00DA44C6 /* ColorKit.swift in Sources */ = {isa = PBXBuildFile; fileRef = C6AE2F0F2561485B00DA44C6 /* ColorKit.swift */; };
		C6AE2F15256148C800DA44C6 /* NavigationConfigurator.swift in Sources */ = {isa = PBXBuildFile; fileRef = C6AE2F14256148C800DA44C6 /* NavigationConfigurator.swift */; };
		C6AE2F1A256148FB00DA44C6 /* RoundedImage.swift in Sources */ = {isa = PBXBuildFile; fileRef = C6AE2F19256148FB00DA44C6 /* RoundedImage.swift */; };
		C6AE2F1F25614A1900DA44C6 /* Seperator.swift in Sources */ = {isa = PBXBuildFile; fileRef = C6AE2F1E25614A1900DA44C6 /* Seperator.swift */; };
		C6AE2F422562795300DA44C6 /* ScaledBezier.swift in Sources */ = {isa = PBXBuildFile; fileRef = C6AE2F412562795300DA44C6 /* ScaledBezier.swift */; };
		C6E6CF6C2554623400326093 /* ResAchievements.swift in Sources */ = {isa = PBXBuildFile; fileRef = C6E6CF6B2554623400326093 /* ResAchievements.swift */; };
		C6E6CF74255462A000326093 /* AchievementData.swift in Sources */ = {isa = PBXBuildFile; fileRef = C6E6CF73255462A000326093 /* AchievementData.swift */; };
		C6E6CF79255463DF00326093 /* ResFormulaVideo.swift in Sources */ = {isa = PBXBuildFile; fileRef = C6E6CF78255463DF00326093 /* ResFormulaVideo.swift */; };
		C6E6CF822554646900326093 /* Creator.swift in Sources */ = {isa = PBXBuildFile; fileRef = C6E6CF812554646900326093 /* Creator.swift */; };
		C6E6CF872554655F00326093 /* FormulaVideoData.swift in Sources */ = {isa = PBXBuildFile; fileRef = C6E6CF862554655F00326093 /* FormulaVideoData.swift */; };
		C6E6CF8C2554667A00326093 /* ResFormula.swift in Sources */ = {isa = PBXBuildFile; fileRef = C6E6CF8B2554667A00326093 /* ResFormula.swift */; };
		C6E6CF91255466C400326093 /* FormulaData.swift in Sources */ = {isa = PBXBuildFile; fileRef = C6E6CF90255466C400326093 /* FormulaData.swift */; };
		C6E6CF962554677300326093 /* ResFormulas.swift in Sources */ = {isa = PBXBuildFile; fileRef = C6E6CF952554677300326093 /* ResFormulas.swift */; };
		C6E6CF9C25547C1800326093 /* ResInstructors.swift in Sources */ = {isa = PBXBuildFile; fileRef = C6E6CF9B25547C1800326093 /* ResInstructors.swift */; };
		C6E6CFA425547C8B00326093 /* InstructorListData.swift in Sources */ = {isa = PBXBuildFile; fileRef = C6E6CFA325547C8B00326093 /* InstructorListData.swift */; };
		C6E6CFA925547CDF00326093 /* ResInstructor.swift in Sources */ = {isa = PBXBuildFile; fileRef = C6E6CFA825547CDF00326093 /* ResInstructor.swift */; };
		C6E6CFB125547D9A00326093 /* InstructorData.swift in Sources */ = {isa = PBXBuildFile; fileRef = C6E6CFB025547D9A00326093 /* InstructorData.swift */; };
		C6E6CFBA2554810A00326093 /* ResVideosForTrainer.swift in Sources */ = {isa = PBXBuildFile; fileRef = C6E6CFB92554810A00326093 /* ResVideosForTrainer.swift */; };
		C6E6CFBF2554814600326093 /* VideosForTrainerData.swift in Sources */ = {isa = PBXBuildFile; fileRef = C6E6CFBE2554814600326093 /* VideosForTrainerData.swift */; };
		C6E6CFC42554819700326093 /* VideosForTrainerDataCreator.swift in Sources */ = {isa = PBXBuildFile; fileRef = C6E6CFC32554819700326093 /* VideosForTrainerDataCreator.swift */; };
		C6E6CFD22554853400326093 /* ResCategories.swift in Sources */ = {isa = PBXBuildFile; fileRef = C6E6CFD12554853400326093 /* ResCategories.swift */; };
		C6E6CFDA2554856100326093 /* CategoriesData.swift in Sources */ = {isa = PBXBuildFile; fileRef = C6E6CFD92554856100326093 /* CategoriesData.swift */; };
		C6E6CFE0255486A000326093 /* ResCategory.swift in Sources */ = {isa = PBXBuildFile; fileRef = C6E6CFDF255486A000326093 /* ResCategory.swift */; };
		C6E6CFE5255486C400326093 /* CategoryData.swift in Sources */ = {isa = PBXBuildFile; fileRef = C6E6CFE4255486C400326093 /* CategoryData.swift */; };
		C6E6CFEB255487BB00326093 /* ResVideosForCategory.swift in Sources */ = {isa = PBXBuildFile; fileRef = C6E6CFEA255487BB00326093 /* ResVideosForCategory.swift */; };
		C6E6CFF0255487EA00326093 /* VideosForCategoryData.swift in Sources */ = {isa = PBXBuildFile; fileRef = C6E6CFEF255487EA00326093 /* VideosForCategoryData.swift */; };
		C6E6CFF52554882300326093 /* VideosForCategoryDataCreator.swift in Sources */ = {isa = PBXBuildFile; fileRef = C6E6CFF42554882300326093 /* VideosForCategoryDataCreator.swift */; };
		C6E6CFFC255495F000326093 /* ResVideosLog.swift in Sources */ = {isa = PBXBuildFile; fileRef = C6E6CFFB255495F000326093 /* ResVideosLog.swift */; };
		C6E6D0012554965C00326093 /* VideosLogData.swift in Sources */ = {isa = PBXBuildFile; fileRef = C6E6D0002554965C00326093 /* VideosLogData.swift */; };
		C6E6D00D2554989D00326093 /* ResListOfvideos.swift in Sources */ = {isa = PBXBuildFile; fileRef = C6E6D00C2554989D00326093 /* ResListOfvideos.swift */; };
		C6E6D0122554991800326093 /* ListOfvideosData.swift in Sources */ = {isa = PBXBuildFile; fileRef = C6E6D0112554991800326093 /* ListOfvideosData.swift */; };
		C6E6D0172554995E00326093 /* ListOfvideosDataCreator.swift in Sources */ = {isa = PBXBuildFile; fileRef = C6E6D0162554995E00326093 /* ListOfvideosDataCreator.swift */; };
		C6E6D01C255499D200326093 /* ResSingleVideo.swift in Sources */ = {isa = PBXBuildFile; fileRef = C6E6D01B255499D200326093 /* ResSingleVideo.swift */; };
		C6E6D02125549A2700326093 /* SingleVideoData.swift in Sources */ = {isa = PBXBuildFile; fileRef = C6E6D02025549A2700326093 /* SingleVideoData.swift */; };
		C6E6D02625549A5F00326093 /* SingleVideoDataRelatedVideo.swift in Sources */ = {isa = PBXBuildFile; fileRef = C6E6D02525549A5F00326093 /* SingleVideoDataRelatedVideo.swift */; };
		C6E6D02B25549ADB00326093 /* SingleVideoDataCreator.swift in Sources */ = {isa = PBXBuildFile; fileRef = C6E6D02A25549ADB00326093 /* SingleVideoDataCreator.swift */; };
		C6E6D03025549B1200326093 /* SingleVideoDataVideo.swift in Sources */ = {isa = PBXBuildFile; fileRef = C6E6D02F25549B1200326093 /* SingleVideoDataVideo.swift */; };
		C6E6D03925549D6500326093 /* ResVideosFavorites.swift in Sources */ = {isa = PBXBuildFile; fileRef = C6E6D03825549D6500326093 /* ResVideosFavorites.swift */; };
		C6E6D03E25549DA900326093 /* VideosFavoritesData.swift in Sources */ = {isa = PBXBuildFile; fileRef = C6E6D03D25549DA900326093 /* VideosFavoritesData.swift */; };
		C6E6D04325549DD100326093 /* VideosFavoritesDataCreator.swift in Sources */ = {isa = PBXBuildFile; fileRef = C6E6D04225549DD100326093 /* VideosFavoritesDataCreator.swift */; };
		C6E6D04825549E3900326093 /* ResLikeToVideo.swift in Sources */ = {isa = PBXBuildFile; fileRef = C6E6D04725549E3900326093 /* ResLikeToVideo.swift */; };
		C6E6D04D25549E9500326093 /* LikeToVideoData.swift in Sources */ = {isa = PBXBuildFile; fileRef = C6E6D04C25549E9500326093 /* LikeToVideoData.swift */; };
		C6E6D05225549ED300326093 /* ReqLikeToVideo.swift in Sources */ = {isa = PBXBuildFile; fileRef = C6E6D05125549ED300326093 /* ReqLikeToVideo.swift */; };
		C6E6D05725549F4700326093 /* ResChallengeVideo.swift in Sources */ = {isa = PBXBuildFile; fileRef = C6E6D05625549F4700326093 /* ResChallengeVideo.swift */; };
		C6E6D05C2554A21700326093 /* ReqChallengeVideo.swift in Sources */ = {isa = PBXBuildFile; fileRef = C6E6D05B2554A21700326093 /* ReqChallengeVideo.swift */; };
		C6E6D0612554A2A800326093 /* ResCheckChallenge.swift in Sources */ = {isa = PBXBuildFile; fileRef = C6E6D0602554A2A800326093 /* ResCheckChallenge.swift */; };
		C6E6D0662554A2F800326093 /* CheckChallengeData.swift in Sources */ = {isa = PBXBuildFile; fileRef = C6E6D0652554A2F800326093 /* CheckChallengeData.swift */; };
		C6E6D0712554AAEE00326093 /* ResGetInfo.swift in Sources */ = {isa = PBXBuildFile; fileRef = C6E6D0702554AAEE00326093 /* ResGetInfo.swift */; };
		C6E6D0762554AB6F00326093 /* GetInfoData.swift in Sources */ = {isa = PBXBuildFile; fileRef = C6E6D0752554AB6F00326093 /* GetInfoData.swift */; };
		C6E6D07B2554ABDD00326093 /* ReqUpdateProfile.swift in Sources */ = {isa = PBXBuildFile; fileRef = C6E6D07A2554ABDD00326093 /* ReqUpdateProfile.swift */; };
		C6E6D0802554ACAF00326093 /* ResUpdateProfile.swift in Sources */ = {isa = PBXBuildFile; fileRef = C6E6D07F2554ACAF00326093 /* ResUpdateProfile.swift */; };
		C6E6D0852554AD1A00326093 /* UpdateProfileData.swift in Sources */ = {isa = PBXBuildFile; fileRef = C6E6D0842554AD1A00326093 /* UpdateProfileData.swift */; };
		C6E6D08A2554ADD600326093 /* ResLevelInformation.swift in Sources */ = {isa = PBXBuildFile; fileRef = C6E6D0892554ADD600326093 /* ResLevelInformation.swift */; };
		C6E6D08F2554AE1900326093 /* LevelInformationData.swift in Sources */ = {isa = PBXBuildFile; fileRef = C6E6D08E2554AE1900326093 /* LevelInformationData.swift */; };
		C6E6D09C2554B02400326093 /* ResPointsInformation.swift in Sources */ = {isa = PBXBuildFile; fileRef = C6E6D09B2554B02400326093 /* ResPointsInformation.swift */; };
		C6E6D0A12554B0FE00326093 /* PointsInformationData.swift in Sources */ = {isa = PBXBuildFile; fileRef = C6E6D0A02554B0FE00326093 /* PointsInformationData.swift */; };
		C6E6D0A62554B2FE00326093 /* ResResetPassword.swift in Sources */ = {isa = PBXBuildFile; fileRef = C6E6D0A52554B2FE00326093 /* ResResetPassword.swift */; };
		C6E6D0AC2554B40400326093 /* ReqLogin.swift in Sources */ = {isa = PBXBuildFile; fileRef = C6E6D0AB2554B40400326093 /* ReqLogin.swift */; };
		C6E6D0B12554B49200326093 /* ResLogin.swift in Sources */ = {isa = PBXBuildFile; fileRef = C6E6D0B02554B49200326093 /* ResLogin.swift */; };
		C6E6D0B82554B54800326093 /* ResRegister.swift in Sources */ = {isa = PBXBuildFile; fileRef = C6E6D0B72554B54800326093 /* ResRegister.swift */; };
		C6E6D0BD2554B58400326093 /* ReqRegister.swift in Sources */ = {isa = PBXBuildFile; fileRef = C6E6D0BC2554B58400326093 /* ReqRegister.swift */; };
		C6E6D0C22554B60200326093 /* RegisterData.swift in Sources */ = {isa = PBXBuildFile; fileRef = C6E6D0C12554B60200326093 /* RegisterData.swift */; };
		C6E6D0C82554B69C00326093 /* ResLogOut .swift in Sources */ = {isa = PBXBuildFile; fileRef = C6E6D0C72554B69C00326093 /* ResLogOut .swift */; };
		C6E6D0CE2554B7C200326093 /* ResAuthResetPassword.swift in Sources */ = {isa = PBXBuildFile; fileRef = C6E6D0CD2554B7C200326093 /* ResAuthResetPassword.swift */; };
		C6E6D0D32554B80600326093 /* ReqAuthResetPassword.swift in Sources */ = {isa = PBXBuildFile; fileRef = C6E6D0D22554B80600326093 /* ReqAuthResetPassword.swift */; };
		C6E6D0DE2554BB4000326093 /* AchievementRepository.swift in Sources */ = {isa = PBXBuildFile; fileRef = C6E6D0DD2554BB4000326093 /* AchievementRepository.swift */; };
		C6E6D0E62554BB9400326093 /* FormulaVideoRepository.swift in Sources */ = {isa = PBXBuildFile; fileRef = C6E6D0E52554BB9400326093 /* FormulaVideoRepository.swift */; };
		C6E6D0EE2554BBC300326093 /* InstructorsRepository.swift in Sources */ = {isa = PBXBuildFile; fileRef = C6E6D0ED2554BBC300326093 /* InstructorsRepository.swift */; };
		C6E6D0F42554BBF000326093 /* CategoriesRepository.swift in Sources */ = {isa = PBXBuildFile; fileRef = C6E6D0F32554BBF000326093 /* CategoriesRepository.swift */; };
		C6E6D0FA2554BC2F00326093 /* VideosLogRepository.swift in Sources */ = {isa = PBXBuildFile; fileRef = C6E6D0F92554BC2F00326093 /* VideosLogRepository.swift */; };
		C6E6D0FF2554BC4700326093 /* VideosRepository.swift in Sources */ = {isa = PBXBuildFile; fileRef = C6E6D0FE2554BC4700326093 /* VideosRepository.swift */; };
		C6E6D1052554BC7F00326093 /* SubscribeRepository.swift in Sources */ = {isa = PBXBuildFile; fileRef = C6E6D1042554BC7F00326093 /* SubscribeRepository.swift */; };
		C6E6D10B2554BCA800326093 /* AuthRepository.swift in Sources */ = {isa = PBXBuildFile; fileRef = C6E6D10A2554BCA800326093 /* AuthRepository.swift */; };
		C6E6D11925553E6400326093 /* MainTabView.swift in Sources */ = {isa = PBXBuildFile; fileRef = C6E6D11825553E6400326093 /* MainTabView.swift */; };
		C6E6D11E2555517A00326093 /* SavedView.swift in Sources */ = {isa = PBXBuildFile; fileRef = C6E6D11D2555517A00326093 /* SavedView.swift */; };
		C6E6D1232555556900326093 /* ProfileView.swift in Sources */ = {isa = PBXBuildFile; fileRef = C6E6D1222555556900326093 /* ProfileView.swift */; };
		C6E6D128255555BF00326093 /* WorkOutView.swift in Sources */ = {isa = PBXBuildFile; fileRef = C6E6D127255555BF00326093 /* WorkOutView.swift */; };
		C6E6D12D255555E500326093 /* HomeView.swift in Sources */ = {isa = PBXBuildFile; fileRef = C6E6D12C255555E500326093 /* HomeView.swift */; };
		C6E6D1322555602E00326093 /* CircleImageView.swift in Sources */ = {isa = PBXBuildFile; fileRef = C6E6D1312555602E00326093 /* CircleImageView.swift */; };
		C6E6D137255561BC00326093 /* SocialMediaListView.swift in Sources */ = {isa = PBXBuildFile; fileRef = C6E6D136255561BC00326093 /* SocialMediaListView.swift */; };
		C6F5F6BB256459BC0088CECD /* AchivementList.swift in Sources */ = {isa = PBXBuildFile; fileRef = C6F5F6BA256459BC0088CECD /* AchivementList.swift */; };
		C6F5F6C02564616B0088CECD /* AchivementCardView.swift in Sources */ = {isa = PBXBuildFile; fileRef = C6F5F6BF2564616B0088CECD /* AchivementCardView.swift */; };
		C6F5F6C525646D8B0088CECD /* AchivementRow.swift in Sources */ = {isa = PBXBuildFile; fileRef = C6F5F6C425646D8B0088CECD /* AchivementRow.swift */; };
		C6F5F6CA25646DAC0088CECD /* AchivementType.swift in Sources */ = {isa = PBXBuildFile; fileRef = C6F5F6C925646DAC0088CECD /* AchivementType.swift */; };
		C6F5F6D0256480B90088CECD /* DetailView.swift in Sources */ = {isa = PBXBuildFile; fileRef = C6F5F6CF256480B90088CECD /* DetailView.swift */; };
		C6F5F6DB25648A8B0088CECD /* PersonalInformation.swift in Sources */ = {isa = PBXBuildFile; fileRef = C6F5F6DA25648A8B0088CECD /* PersonalInformation.swift */; };
/* End PBXBuildFile section */

/* Begin PBXContainerItemProxy section */
		C68AA07F25533DA700F88201 /* PBXContainerItemProxy */ = {
			isa = PBXContainerItemProxy;
			containerPortal = C68AA05D25533DA200F88201 /* Project object */;
			proxyType = 1;
			remoteGlobalIDString = C68AA06425533DA200F88201;
			remoteInfo = nrgWayWellness;
		};
		C68AA08A25533DA700F88201 /* PBXContainerItemProxy */ = {
			isa = PBXContainerItemProxy;
			containerPortal = C68AA05D25533DA200F88201 /* Project object */;
			proxyType = 1;
			remoteGlobalIDString = C68AA06425533DA200F88201;
			remoteInfo = nrgWayWellness;
		};
/* End PBXContainerItemProxy section */

/* Begin PBXFileReference section */
		C66B07FC25572B6400D911CE /* APICall.swift */ = {isa = PBXFileReference; lastKnownFileType = sourcecode.swift; path = APICall.swift; sourceTree = "<group>"; };
		C66B080125572B9000D911CE /* CancelBag.swift */ = {isa = PBXFileReference; lastKnownFileType = sourcecode.swift; path = CancelBag.swift; sourceTree = "<group>"; };
		C66B080625572BBD00D911CE /* Helpers.swift */ = {isa = PBXFileReference; lastKnownFileType = sourcecode.swift; path = Helpers.swift; sourceTree = "<group>"; };
		C66B080B25572BF300D911CE /* LazyList.swift */ = {isa = PBXFileReference; lastKnownFileType = sourcecode.swift; path = LazyList.swift; sourceTree = "<group>"; };
		C66B081025572C1600D911CE /* Loadable.swift */ = {isa = PBXFileReference; lastKnownFileType = sourcecode.swift; path = Loadable.swift; sourceTree = "<group>"; };
		C66B081525572C3400D911CE /* NetworkingHelpers.swift */ = {isa = PBXFileReference; lastKnownFileType = sourcecode.swift; path = NetworkingHelpers.swift; sourceTree = "<group>"; };
		C66B081A25572C8900D911CE /* Store.swift */ = {isa = PBXFileReference; lastKnownFileType = sourcecode.swift; path = Store.swift; sourceTree = "<group>"; };
		C66B082025572CF000D911CE /* WebRepository.swift */ = {isa = PBXFileReference; lastKnownFileType = sourcecode.swift; path = WebRepository.swift; sourceTree = "<group>"; };
		C66B082B25572E3E00D911CE /* Country.swift */ = {isa = PBXFileReference; lastKnownFileType = sourcecode.swift; path = Country.swift; sourceTree = "<group>"; };
		C66B083025572F1600D911CE /* MockedModel.swift */ = {isa = PBXFileReference; lastKnownFileType = sourcecode.swift; path = MockedModel.swift; sourceTree = "<group>"; };
		C66B083525572FF900D911CE /* ErrorView.swift */ = {isa = PBXFileReference; lastKnownFileType = sourcecode.swift; path = ErrorView.swift; sourceTree = "<group>"; };
		C66B083A2557301F00D911CE /* ActivityIndicatorView.swift */ = {isa = PBXFileReference; lastKnownFileType = sourcecode.swift; path = ActivityIndicatorView.swift; sourceTree = "<group>"; };
		C66B08442557306700D911CE /* SearchBar.swift */ = {isa = PBXFileReference; lastKnownFileType = sourcecode.swift; path = SearchBar.swift; sourceTree = "<group>"; };
		C66B0880255759FA00D911CE /* CountriesInteractor.swift */ = {isa = PBXFileReference; lastKnownFileType = sourcecode.swift; path = CountriesInteractor.swift; sourceTree = "<group>"; };
		C66B088525575C4C00D911CE /* ImagesInteractor.swift */ = {isa = PBXFileReference; lastKnownFileType = sourcecode.swift; path = ImagesInteractor.swift; sourceTree = "<group>"; };
		C66B088A25575CD000D911CE /* UserPermissionsInteractor.swift */ = {isa = PBXFileReference; lastKnownFileType = sourcecode.swift; path = UserPermissionsInteractor.swift; sourceTree = "<group>"; };
		C66B0890255FBCA400D911CE /* ImageWebRepository.swift */ = {isa = PBXFileReference; lastKnownFileType = sourcecode.swift; path = ImageWebRepository.swift; sourceTree = "<group>"; };
		C66B0896255FBD0700D911CE /* CountriesWebRepository.swift */ = {isa = PBXFileReference; lastKnownFileType = sourcecode.swift; path = CountriesWebRepository.swift; sourceTree = "<group>"; };
		C66B089C255FBD4F00D911CE /* PushTokenWebRepository.swift */ = {isa = PBXFileReference; lastKnownFileType = sourcecode.swift; path = PushTokenWebRepository.swift; sourceTree = "<group>"; };
		C66B08A2255FF94B00D911CE /* extensionString.swift */ = {isa = PBXFileReference; lastKnownFileType = sourcecode.swift; path = extensionString.swift; sourceTree = "<group>"; };
		C66B08A7255FF97800D911CE /* extensionInt.swift */ = {isa = PBXFileReference; lastKnownFileType = sourcecode.swift; path = extensionInt.swift; sourceTree = "<group>"; };
		C66B08AC255FF9E100D911CE /* extensionStringDate.swift */ = {isa = PBXFileReference; lastKnownFileType = sourcecode.swift; path = extensionStringDate.swift; sourceTree = "<group>"; };
		C66B08E72560458200D911CE /* SVGImageView.swift */ = {isa = PBXFileReference; lastKnownFileType = sourcecode.swift; path = SVGImageView.swift; sourceTree = "<group>"; };
		C66B08EC256045D400D911CE /* DetailRow.swift */ = {isa = PBXFileReference; lastKnownFileType = sourcecode.swift; path = DetailRow.swift; sourceTree = "<group>"; };
		C66B08F42560952100D911CE /* OnboardingRepositioning.swift */ = {isa = PBXFileReference; lastKnownFileType = sourcecode.swift; path = OnboardingRepositioning.swift; sourceTree = "<group>"; };
		C66B08F92560997400D911CE /* OnboardingRepository.swift */ = {isa = PBXFileReference; lastKnownFileType = sourcecode.swift; path = OnboardingRepository.swift; sourceTree = "<group>"; };
		C66B08FE2560A0F600D911CE /* OnboardingInteractor.swift */ = {isa = PBXFileReference; lastKnownFileType = sourcecode.swift; path = OnboardingInteractor.swift; sourceTree = "<group>"; };
		C66B09032560A29D00D911CE /* OnboardingIntractable.swift */ = {isa = PBXFileReference; lastKnownFileType = sourcecode.swift; path = OnboardingIntractable.swift; sourceTree = "<group>"; };
		C66B09082560A4D100D911CE /* OnboardingInteractorFake.swift */ = {isa = PBXFileReference; lastKnownFileType = sourcecode.swift; path = OnboardingInteractorFake.swift; sourceTree = "<group>"; };
		C67FD3362562ABAF00D261F3 /* AvatarIntroView.swift */ = {isa = PBXFileReference; lastKnownFileType = sourcecode.swift; path = AvatarIntroView.swift; sourceTree = "<group>"; };
		C67FD33B2562B97A00D261F3 /* CardView.swift */ = {isa = PBXFileReference; lastKnownFileType = sourcecode.swift; path = CardView.swift; sourceTree = "<group>"; };
		C67FD3402562BDC300D261F3 /* ProductCard.swift */ = {isa = PBXFileReference; lastKnownFileType = sourcecode.swift; path = ProductCard.swift; sourceTree = "<group>"; };
		C67FD3452562C4FE00D261F3 /* AchievementCard.swift */ = {isa = PBXFileReference; lastKnownFileType = sourcecode.swift; path = AchievementCard.swift; sourceTree = "<group>"; };
		C67FD34E25630CE900D261F3 /* AchivementsView.swift */ = {isa = PBXFileReference; lastKnownFileType = sourcecode.swift; path = AchivementsView.swift; sourceTree = "<group>"; };
		C68AA06525533DA200F88201 /* nrgWayWellness.app */ = {isa = PBXFileReference; explicitFileType = wrapper.application; includeInIndex = 0; path = nrgWayWellness.app; sourceTree = BUILT_PRODUCTS_DIR; };
		C68AA06825533DA200F88201 /* AppDelegate.swift */ = {isa = PBXFileReference; lastKnownFileType = sourcecode.swift; path = AppDelegate.swift; sourceTree = "<group>"; };
		C68AA06A25533DA200F88201 /* SceneDelegate.swift */ = {isa = PBXFileReference; lastKnownFileType = sourcecode.swift; path = SceneDelegate.swift; sourceTree = "<group>"; };
		C68AA06D25533DA200F88201 /* nrgWayWellness.xcdatamodel */ = {isa = PBXFileReference; lastKnownFileType = wrapper.xcdatamodel; path = nrgWayWellness.xcdatamodel; sourceTree = "<group>"; };
		C68AA06F25533DA200F88201 /* CoreContentView.swift */ = {isa = PBXFileReference; lastKnownFileType = sourcecode.swift; path = CoreContentView.swift; sourceTree = "<group>"; };
		C68AA07125533DA700F88201 /* Assets.xcassets */ = {isa = PBXFileReference; lastKnownFileType = folder.assetcatalog; path = Assets.xcassets; sourceTree = "<group>"; };
		C68AA07425533DA700F88201 /* Preview Assets.xcassets */ = {isa = PBXFileReference; lastKnownFileType = folder.assetcatalog; path = "Preview Assets.xcassets"; sourceTree = "<group>"; };
		C68AA07725533DA700F88201 /* Base */ = {isa = PBXFileReference; lastKnownFileType = file.storyboard; name = Base; path = Base.lproj/LaunchScreen.storyboard; sourceTree = "<group>"; };
		C68AA07925533DA700F88201 /* Info.plist */ = {isa = PBXFileReference; lastKnownFileType = text.plist.xml; path = Info.plist; sourceTree = "<group>"; };
		C68AA07E25533DA700F88201 /* nrgWayWellnessTests.xctest */ = {isa = PBXFileReference; explicitFileType = wrapper.cfbundle; includeInIndex = 0; path = nrgWayWellnessTests.xctest; sourceTree = BUILT_PRODUCTS_DIR; };
		C68AA08225533DA700F88201 /* nrgWayWellnessTests.swift */ = {isa = PBXFileReference; lastKnownFileType = sourcecode.swift; path = nrgWayWellnessTests.swift; sourceTree = "<group>"; };
		C68AA08425533DA700F88201 /* Info.plist */ = {isa = PBXFileReference; lastKnownFileType = text.plist.xml; path = Info.plist; sourceTree = "<group>"; };
		C68AA08925533DA700F88201 /* nrgWayWellnessUITests.xctest */ = {isa = PBXFileReference; explicitFileType = wrapper.cfbundle; includeInIndex = 0; path = nrgWayWellnessUITests.xctest; sourceTree = BUILT_PRODUCTS_DIR; };
		C68AA08D25533DA700F88201 /* nrgWayWellnessUITests.swift */ = {isa = PBXFileReference; lastKnownFileType = sourcecode.swift; path = nrgWayWellnessUITests.swift; sourceTree = "<group>"; };
		C68AA08F25533DA700F88201 /* Info.plist */ = {isa = PBXFileReference; lastKnownFileType = text.plist.xml; path = Info.plist; sourceTree = "<group>"; };
		C68AA09C255341EF00F88201 /* OnboardingView.swift */ = {isa = PBXFileReference; lastKnownFileType = sourcecode.swift; path = OnboardingView.swift; sourceTree = "<group>"; };
		C68AA09E2553420800F88201 /* PageControl.swift */ = {isa = PBXFileReference; lastKnownFileType = sourcecode.swift; path = PageControl.swift; sourceTree = "<group>"; };
		C68AA0A02553423200F88201 /* PageViewController.swift */ = {isa = PBXFileReference; lastKnownFileType = sourcecode.swift; path = PageViewController.swift; sourceTree = "<group>"; };
		C68AA0A22553424700F88201 /* Subview.swift */ = {isa = PBXFileReference; lastKnownFileType = sourcecode.swift; path = Subview.swift; sourceTree = "<group>"; };
		C68AA0A42553425700F88201 /* PagesView.swift */ = {isa = PBXFileReference; lastKnownFileType = sourcecode.swift; path = PagesView.swift; sourceTree = "<group>"; };
		C68AA0A72553440100F88201 /* DataStore.swift */ = {isa = PBXFileReference; lastKnownFileType = sourcecode.swift; path = DataStore.swift; sourceTree = "<group>"; };
		C68AA0A92553443A00F88201 /* UserDefault.swift */ = {isa = PBXFileReference; lastKnownFileType = sourcecode.swift; path = UserDefault.swift; sourceTree = "<group>"; };
		C68AA0AC2553499700F88201 /* SignUpView.swift */ = {isa = PBXFileReference; lastKnownFileType = sourcecode.swift; path = SignUpView.swift; sourceTree = "<group>"; };
		C68AA0AE255349A600F88201 /* ForgotPasswordView.swift */ = {isa = PBXFileReference; lastKnownFileType = sourcecode.swift; path = ForgotPasswordView.swift; sourceTree = "<group>"; };
		C68AA0B0255349B500F88201 /* LoginView.swift */ = {isa = PBXFileReference; lastKnownFileType = sourcecode.swift; path = LoginView.swift; sourceTree = "<group>"; };
		C68AA0B225534A9200F88201 /* OtherData.swift */ = {isa = PBXFileReference; lastKnownFileType = sourcecode.swift; path = OtherData.swift; sourceTree = "<group>"; };
		C68AA0B6255359C000F88201 /* TabbarVC.swift */ = {isa = PBXFileReference; lastKnownFileType = sourcecode.swift; path = TabbarVC.swift; sourceTree = "<group>"; };
		C6AE2F0F2561485B00DA44C6 /* ColorKit.swift */ = {isa = PBXFileReference; lastKnownFileType = sourcecode.swift; path = ColorKit.swift; sourceTree = "<group>"; };
		C6AE2F14256148C800DA44C6 /* NavigationConfigurator.swift */ = {isa = PBXFileReference; lastKnownFileType = sourcecode.swift; path = NavigationConfigurator.swift; sourceTree = "<group>"; };
		C6AE2F19256148FB00DA44C6 /* RoundedImage.swift */ = {isa = PBXFileReference; lastKnownFileType = sourcecode.swift; path = RoundedImage.swift; sourceTree = "<group>"; };
		C6AE2F1E25614A1900DA44C6 /* Seperator.swift */ = {isa = PBXFileReference; lastKnownFileType = sourcecode.swift; path = Seperator.swift; sourceTree = "<group>"; };
		C6AE2F412562795300DA44C6 /* ScaledBezier.swift */ = {isa = PBXFileReference; lastKnownFileType = sourcecode.swift; path = ScaledBezier.swift; sourceTree = "<group>"; };
		C6E6CF6B2554623400326093 /* ResAchievements.swift */ = {isa = PBXFileReference; lastKnownFileType = sourcecode.swift; path = ResAchievements.swift; sourceTree = "<group>"; };
		C6E6CF73255462A000326093 /* AchievementData.swift */ = {isa = PBXFileReference; lastKnownFileType = sourcecode.swift; path = AchievementData.swift; sourceTree = "<group>"; };
		C6E6CF78255463DF00326093 /* ResFormulaVideo.swift */ = {isa = PBXFileReference; lastKnownFileType = sourcecode.swift; path = ResFormulaVideo.swift; sourceTree = "<group>"; };
		C6E6CF812554646900326093 /* Creator.swift */ = {isa = PBXFileReference; lastKnownFileType = sourcecode.swift; path = Creator.swift; sourceTree = "<group>"; };
		C6E6CF862554655F00326093 /* FormulaVideoData.swift */ = {isa = PBXFileReference; lastKnownFileType = sourcecode.swift; path = FormulaVideoData.swift; sourceTree = "<group>"; };
		C6E6CF8B2554667A00326093 /* ResFormula.swift */ = {isa = PBXFileReference; lastKnownFileType = sourcecode.swift; path = ResFormula.swift; sourceTree = "<group>"; };
		C6E6CF90255466C400326093 /* FormulaData.swift */ = {isa = PBXFileReference; lastKnownFileType = sourcecode.swift; path = FormulaData.swift; sourceTree = "<group>"; };
		C6E6CF952554677300326093 /* ResFormulas.swift */ = {isa = PBXFileReference; lastKnownFileType = sourcecode.swift; path = ResFormulas.swift; sourceTree = "<group>"; };
		C6E6CF9B25547C1800326093 /* ResInstructors.swift */ = {isa = PBXFileReference; lastKnownFileType = sourcecode.swift; path = ResInstructors.swift; sourceTree = "<group>"; };
		C6E6CFA325547C8B00326093 /* InstructorListData.swift */ = {isa = PBXFileReference; lastKnownFileType = sourcecode.swift; path = InstructorListData.swift; sourceTree = "<group>"; };
		C6E6CFA825547CDF00326093 /* ResInstructor.swift */ = {isa = PBXFileReference; lastKnownFileType = sourcecode.swift; path = ResInstructor.swift; sourceTree = "<group>"; };
		C6E6CFB025547D9A00326093 /* InstructorData.swift */ = {isa = PBXFileReference; lastKnownFileType = sourcecode.swift; path = InstructorData.swift; sourceTree = "<group>"; };
		C6E6CFB92554810A00326093 /* ResVideosForTrainer.swift */ = {isa = PBXFileReference; lastKnownFileType = sourcecode.swift; path = ResVideosForTrainer.swift; sourceTree = "<group>"; };
		C6E6CFBE2554814600326093 /* VideosForTrainerData.swift */ = {isa = PBXFileReference; lastKnownFileType = sourcecode.swift; path = VideosForTrainerData.swift; sourceTree = "<group>"; };
		C6E6CFC32554819700326093 /* VideosForTrainerDataCreator.swift */ = {isa = PBXFileReference; lastKnownFileType = sourcecode.swift; path = VideosForTrainerDataCreator.swift; sourceTree = "<group>"; };
		C6E6CFD12554853400326093 /* ResCategories.swift */ = {isa = PBXFileReference; lastKnownFileType = sourcecode.swift; path = ResCategories.swift; sourceTree = "<group>"; };
		C6E6CFD92554856100326093 /* CategoriesData.swift */ = {isa = PBXFileReference; lastKnownFileType = sourcecode.swift; path = CategoriesData.swift; sourceTree = "<group>"; };
		C6E6CFDF255486A000326093 /* ResCategory.swift */ = {isa = PBXFileReference; lastKnownFileType = sourcecode.swift; path = ResCategory.swift; sourceTree = "<group>"; };
		C6E6CFE4255486C400326093 /* CategoryData.swift */ = {isa = PBXFileReference; lastKnownFileType = sourcecode.swift; path = CategoryData.swift; sourceTree = "<group>"; };
		C6E6CFEA255487BB00326093 /* ResVideosForCategory.swift */ = {isa = PBXFileReference; lastKnownFileType = sourcecode.swift; path = ResVideosForCategory.swift; sourceTree = "<group>"; };
		C6E6CFEF255487EA00326093 /* VideosForCategoryData.swift */ = {isa = PBXFileReference; lastKnownFileType = sourcecode.swift; path = VideosForCategoryData.swift; sourceTree = "<group>"; };
		C6E6CFF42554882300326093 /* VideosForCategoryDataCreator.swift */ = {isa = PBXFileReference; lastKnownFileType = sourcecode.swift; path = VideosForCategoryDataCreator.swift; sourceTree = "<group>"; };
		C6E6CFFB255495F000326093 /* ResVideosLog.swift */ = {isa = PBXFileReference; lastKnownFileType = sourcecode.swift; path = ResVideosLog.swift; sourceTree = "<group>"; };
		C6E6D0002554965C00326093 /* VideosLogData.swift */ = {isa = PBXFileReference; lastKnownFileType = sourcecode.swift; path = VideosLogData.swift; sourceTree = "<group>"; };
		C6E6D00C2554989D00326093 /* ResListOfvideos.swift */ = {isa = PBXFileReference; lastKnownFileType = sourcecode.swift; path = ResListOfvideos.swift; sourceTree = "<group>"; };
		C6E6D0112554991800326093 /* ListOfvideosData.swift */ = {isa = PBXFileReference; lastKnownFileType = sourcecode.swift; path = ListOfvideosData.swift; sourceTree = "<group>"; };
		C6E6D0162554995E00326093 /* ListOfvideosDataCreator.swift */ = {isa = PBXFileReference; lastKnownFileType = sourcecode.swift; path = ListOfvideosDataCreator.swift; sourceTree = "<group>"; };
		C6E6D01B255499D200326093 /* ResSingleVideo.swift */ = {isa = PBXFileReference; lastKnownFileType = sourcecode.swift; path = ResSingleVideo.swift; sourceTree = "<group>"; };
		C6E6D02025549A2700326093 /* SingleVideoData.swift */ = {isa = PBXFileReference; lastKnownFileType = sourcecode.swift; path = SingleVideoData.swift; sourceTree = "<group>"; };
		C6E6D02525549A5F00326093 /* SingleVideoDataRelatedVideo.swift */ = {isa = PBXFileReference; lastKnownFileType = sourcecode.swift; path = SingleVideoDataRelatedVideo.swift; sourceTree = "<group>"; };
		C6E6D02A25549ADB00326093 /* SingleVideoDataCreator.swift */ = {isa = PBXFileReference; lastKnownFileType = sourcecode.swift; path = SingleVideoDataCreator.swift; sourceTree = "<group>"; };
		C6E6D02F25549B1200326093 /* SingleVideoDataVideo.swift */ = {isa = PBXFileReference; lastKnownFileType = sourcecode.swift; path = SingleVideoDataVideo.swift; sourceTree = "<group>"; };
		C6E6D03825549D6500326093 /* ResVideosFavorites.swift */ = {isa = PBXFileReference; lastKnownFileType = sourcecode.swift; path = ResVideosFavorites.swift; sourceTree = "<group>"; };
		C6E6D03D25549DA900326093 /* VideosFavoritesData.swift */ = {isa = PBXFileReference; lastKnownFileType = sourcecode.swift; path = VideosFavoritesData.swift; sourceTree = "<group>"; };
		C6E6D04225549DD100326093 /* VideosFavoritesDataCreator.swift */ = {isa = PBXFileReference; lastKnownFileType = sourcecode.swift; path = VideosFavoritesDataCreator.swift; sourceTree = "<group>"; };
		C6E6D04725549E3900326093 /* ResLikeToVideo.swift */ = {isa = PBXFileReference; lastKnownFileType = sourcecode.swift; path = ResLikeToVideo.swift; sourceTree = "<group>"; };
		C6E6D04C25549E9500326093 /* LikeToVideoData.swift */ = {isa = PBXFileReference; lastKnownFileType = sourcecode.swift; path = LikeToVideoData.swift; sourceTree = "<group>"; };
		C6E6D05125549ED300326093 /* ReqLikeToVideo.swift */ = {isa = PBXFileReference; lastKnownFileType = sourcecode.swift; path = ReqLikeToVideo.swift; sourceTree = "<group>"; };
		C6E6D05625549F4700326093 /* ResChallengeVideo.swift */ = {isa = PBXFileReference; lastKnownFileType = sourcecode.swift; path = ResChallengeVideo.swift; sourceTree = "<group>"; };
		C6E6D05B2554A21700326093 /* ReqChallengeVideo.swift */ = {isa = PBXFileReference; lastKnownFileType = sourcecode.swift; path = ReqChallengeVideo.swift; sourceTree = "<group>"; };
		C6E6D0602554A2A800326093 /* ResCheckChallenge.swift */ = {isa = PBXFileReference; lastKnownFileType = sourcecode.swift; path = ResCheckChallenge.swift; sourceTree = "<group>"; };
		C6E6D0652554A2F800326093 /* CheckChallengeData.swift */ = {isa = PBXFileReference; lastKnownFileType = sourcecode.swift; path = CheckChallengeData.swift; sourceTree = "<group>"; };
		C6E6D0702554AAEE00326093 /* ResGetInfo.swift */ = {isa = PBXFileReference; lastKnownFileType = sourcecode.swift; path = ResGetInfo.swift; sourceTree = "<group>"; };
		C6E6D0752554AB6F00326093 /* GetInfoData.swift */ = {isa = PBXFileReference; lastKnownFileType = sourcecode.swift; path = GetInfoData.swift; sourceTree = "<group>"; };
		C6E6D07A2554ABDD00326093 /* ReqUpdateProfile.swift */ = {isa = PBXFileReference; lastKnownFileType = sourcecode.swift; path = ReqUpdateProfile.swift; sourceTree = "<group>"; };
		C6E6D07F2554ACAF00326093 /* ResUpdateProfile.swift */ = {isa = PBXFileReference; lastKnownFileType = sourcecode.swift; path = ResUpdateProfile.swift; sourceTree = "<group>"; };
		C6E6D0842554AD1A00326093 /* UpdateProfileData.swift */ = {isa = PBXFileReference; lastKnownFileType = sourcecode.swift; path = UpdateProfileData.swift; sourceTree = "<group>"; };
		C6E6D0892554ADD600326093 /* ResLevelInformation.swift */ = {isa = PBXFileReference; lastKnownFileType = sourcecode.swift; path = ResLevelInformation.swift; sourceTree = "<group>"; };
		C6E6D08E2554AE1900326093 /* LevelInformationData.swift */ = {isa = PBXFileReference; lastKnownFileType = sourcecode.swift; path = LevelInformationData.swift; sourceTree = "<group>"; };
		C6E6D09B2554B02400326093 /* ResPointsInformation.swift */ = {isa = PBXFileReference; lastKnownFileType = sourcecode.swift; path = ResPointsInformation.swift; sourceTree = "<group>"; };
		C6E6D0A02554B0FE00326093 /* PointsInformationData.swift */ = {isa = PBXFileReference; lastKnownFileType = sourcecode.swift; path = PointsInformationData.swift; sourceTree = "<group>"; };
		C6E6D0A52554B2FE00326093 /* ResResetPassword.swift */ = {isa = PBXFileReference; lastKnownFileType = sourcecode.swift; path = ResResetPassword.swift; sourceTree = "<group>"; };
		C6E6D0AB2554B40400326093 /* ReqLogin.swift */ = {isa = PBXFileReference; lastKnownFileType = sourcecode.swift; path = ReqLogin.swift; sourceTree = "<group>"; };
		C6E6D0B02554B49200326093 /* ResLogin.swift */ = {isa = PBXFileReference; lastKnownFileType = sourcecode.swift; path = ResLogin.swift; sourceTree = "<group>"; };
		C6E6D0B72554B54800326093 /* ResRegister.swift */ = {isa = PBXFileReference; lastKnownFileType = sourcecode.swift; path = ResRegister.swift; sourceTree = "<group>"; };
		C6E6D0BC2554B58400326093 /* ReqRegister.swift */ = {isa = PBXFileReference; lastKnownFileType = sourcecode.swift; path = ReqRegister.swift; sourceTree = "<group>"; };
		C6E6D0C12554B60200326093 /* RegisterData.swift */ = {isa = PBXFileReference; lastKnownFileType = sourcecode.swift; path = RegisterData.swift; sourceTree = "<group>"; };
		C6E6D0C72554B69C00326093 /* ResLogOut .swift */ = {isa = PBXFileReference; lastKnownFileType = sourcecode.swift; path = "ResLogOut .swift"; sourceTree = "<group>"; };
		C6E6D0CD2554B7C200326093 /* ResAuthResetPassword.swift */ = {isa = PBXFileReference; lastKnownFileType = sourcecode.swift; path = ResAuthResetPassword.swift; sourceTree = "<group>"; };
		C6E6D0D22554B80600326093 /* ReqAuthResetPassword.swift */ = {isa = PBXFileReference; lastKnownFileType = sourcecode.swift; path = ReqAuthResetPassword.swift; sourceTree = "<group>"; };
		C6E6D0DD2554BB4000326093 /* AchievementRepository.swift */ = {isa = PBXFileReference; lastKnownFileType = sourcecode.swift; path = AchievementRepository.swift; sourceTree = "<group>"; };
		C6E6D0E52554BB9400326093 /* FormulaVideoRepository.swift */ = {isa = PBXFileReference; lastKnownFileType = sourcecode.swift; path = FormulaVideoRepository.swift; sourceTree = "<group>"; };
		C6E6D0ED2554BBC300326093 /* InstructorsRepository.swift */ = {isa = PBXFileReference; lastKnownFileType = sourcecode.swift; path = InstructorsRepository.swift; sourceTree = "<group>"; };
		C6E6D0F32554BBF000326093 /* CategoriesRepository.swift */ = {isa = PBXFileReference; lastKnownFileType = sourcecode.swift; path = CategoriesRepository.swift; sourceTree = "<group>"; };
		C6E6D0F92554BC2F00326093 /* VideosLogRepository.swift */ = {isa = PBXFileReference; lastKnownFileType = sourcecode.swift; path = VideosLogRepository.swift; sourceTree = "<group>"; };
		C6E6D0FE2554BC4700326093 /* VideosRepository.swift */ = {isa = PBXFileReference; lastKnownFileType = sourcecode.swift; path = VideosRepository.swift; sourceTree = "<group>"; };
		C6E6D1042554BC7F00326093 /* SubscribeRepository.swift */ = {isa = PBXFileReference; lastKnownFileType = sourcecode.swift; path = SubscribeRepository.swift; sourceTree = "<group>"; };
		C6E6D10A2554BCA800326093 /* AuthRepository.swift */ = {isa = PBXFileReference; lastKnownFileType = sourcecode.swift; path = AuthRepository.swift; sourceTree = "<group>"; };
		C6E6D11825553E6400326093 /* MainTabView.swift */ = {isa = PBXFileReference; lastKnownFileType = sourcecode.swift; path = MainTabView.swift; sourceTree = "<group>"; };
		C6E6D11D2555517A00326093 /* SavedView.swift */ = {isa = PBXFileReference; lastKnownFileType = sourcecode.swift; path = SavedView.swift; sourceTree = "<group>"; };
		C6E6D1222555556900326093 /* ProfileView.swift */ = {isa = PBXFileReference; lastKnownFileType = sourcecode.swift; path = ProfileView.swift; sourceTree = "<group>"; };
		C6E6D127255555BF00326093 /* WorkOutView.swift */ = {isa = PBXFileReference; lastKnownFileType = sourcecode.swift; path = WorkOutView.swift; sourceTree = "<group>"; };
		C6E6D12C255555E500326093 /* HomeView.swift */ = {isa = PBXFileReference; lastKnownFileType = sourcecode.swift; path = HomeView.swift; sourceTree = "<group>"; };
		C6E6D1312555602E00326093 /* CircleImageView.swift */ = {isa = PBXFileReference; lastKnownFileType = sourcecode.swift; path = CircleImageView.swift; sourceTree = "<group>"; };
		C6E6D136255561BC00326093 /* SocialMediaListView.swift */ = {isa = PBXFileReference; lastKnownFileType = sourcecode.swift; path = SocialMediaListView.swift; sourceTree = "<group>"; };
		C6F5F6BA256459BC0088CECD /* AchivementList.swift */ = {isa = PBXFileReference; lastKnownFileType = sourcecode.swift; path = AchivementList.swift; sourceTree = "<group>"; };
		C6F5F6BF2564616B0088CECD /* AchivementCardView.swift */ = {isa = PBXFileReference; lastKnownFileType = sourcecode.swift; path = AchivementCardView.swift; sourceTree = "<group>"; };
		C6F5F6C425646D8B0088CECD /* AchivementRow.swift */ = {isa = PBXFileReference; lastKnownFileType = sourcecode.swift; path = AchivementRow.swift; sourceTree = "<group>"; };
		C6F5F6C925646DAC0088CECD /* AchivementType.swift */ = {isa = PBXFileReference; lastKnownFileType = sourcecode.swift; path = AchivementType.swift; sourceTree = "<group>"; };
		C6F5F6CF256480B90088CECD /* DetailView.swift */ = {isa = PBXFileReference; lastKnownFileType = sourcecode.swift; path = DetailView.swift; sourceTree = "<group>"; };
		C6F5F6DA25648A8B0088CECD /* PersonalInformation.swift */ = {isa = PBXFileReference; lastKnownFileType = sourcecode.swift; path = PersonalInformation.swift; sourceTree = "<group>"; };
/* End PBXFileReference section */

/* Begin PBXFrameworksBuildPhase section */
		C68AA06225533DA200F88201 /* Frameworks */ = {
			isa = PBXFrameworksBuildPhase;
			buildActionMask = 2147483647;
			files = (
				C66B084E25573D3200D911CE /* EnvironmentOverrides in Frameworks */,
			);
			runOnlyForDeploymentPostprocessing = 0;
		};
		C68AA07B25533DA700F88201 /* Frameworks */ = {
			isa = PBXFrameworksBuildPhase;
			buildActionMask = 2147483647;
			files = (
			);
			runOnlyForDeploymentPostprocessing = 0;
		};
		C68AA08625533DA700F88201 /* Frameworks */ = {
			isa = PBXFrameworksBuildPhase;
			buildActionMask = 2147483647;
			files = (
			);
			runOnlyForDeploymentPostprocessing = 0;
		};
/* End PBXFrameworksBuildPhase section */

/* Begin PBXGroup section */
		C66B082525572DE700D911CE /* components */ = {
			isa = PBXGroup;
			children = (
				C66B082B25572E3E00D911CE /* Country.swift */,
				C66B083025572F1600D911CE /* MockedModel.swift */,
				C66B083525572FF900D911CE /* ErrorView.swift */,
				C66B083A2557301F00D911CE /* ActivityIndicatorView.swift */,
				C66B08442557306700D911CE /* SearchBar.swift */,
				C66B08E72560458200D911CE /* SVGImageView.swift */,
				C66B08EC256045D400D911CE /* DetailRow.swift */,
				C6AE2F0F2561485B00DA44C6 /* ColorKit.swift */,
				C6AE2F14256148C800DA44C6 /* NavigationConfigurator.swift */,
				C6AE2F19256148FB00DA44C6 /* RoundedImage.swift */,
				C6AE2F1E25614A1900DA44C6 /* Seperator.swift */,
				C6AE2F412562795300DA44C6 /* ScaledBezier.swift */,
				C67FD33B2562B97A00D261F3 /* CardView.swift */,
				C67FD3402562BDC300D261F3 /* ProductCard.swift */,
			);
			path = components;
			sourceTree = "<group>";
		};
		C66B0858255751B200D911CE /* resources */ = {
			isa = PBXGroup;
			children = (
				C68AA07625533DA700F88201 /* LaunchScreen.storyboard */,
				C68AA07125533DA700F88201 /* Assets.xcassets */,
				C68AA07925533DA700F88201 /* Info.plist */,
			);
			path = resources;
			sourceTree = "<group>";
		};
		C66B08592557521900D911CE /* data */ = {
			isa = PBXGroup;
			children = (
				C68AA0B225534A9200F88201 /* OtherData.swift */,
				C68AA0A72553440100F88201 /* DataStore.swift */,
				C68AA0A92553443A00F88201 /* UserDefault.swift */,
				C68AA06C25533DA200F88201 /* nrgWayWellness.xcdatamodeld */,
			);
			path = data;
			sourceTree = "<group>";
		};
		C66B085A2557525400D911CE /* core */ = {
			isa = PBXGroup;
			children = (
				C68AA06825533DA200F88201 /* AppDelegate.swift */,
				C68AA06F25533DA200F88201 /* CoreContentView.swift */,
				C68AA06A25533DA200F88201 /* SceneDelegate.swift */,
			);
			path = core;
			sourceTree = "<group>";
		};
		C66B0864255754BD00D911CE /* features */ = {
			isa = PBXGroup;
			children = (
				C6F5F6CE256480A20088CECD /* detail */,
				C67FD34D25630CB200D261F3 /* achivements */,
				C6E6D1132554C13400326093 /* profile */,
				C6E6D1122554C12600326093 /* saved */,
				C6E6D1112554C11800326093 /* workout */,
				C68AA0AB255348DE00F88201 /* login */,
				C68AA0B42553584E00F88201 /* main */,
				C68AA09B255341BD00F88201 /* onboarding */,
				C6E6D1102554C10D00326093 /* home */,
			);
			path = features;
			sourceTree = "<group>";
		};
		C66B086B2557562A00D911CE /* utility */ = {
			isa = PBXGroup;
			children = (
				C66B08A1255FF90C00D911CE /* extensions */,
				C66B07FC25572B6400D911CE /* APICall.swift */,
				C66B080125572B9000D911CE /* CancelBag.swift */,
				C66B080B25572BF300D911CE /* LazyList.swift */,
				C66B081025572C1600D911CE /* Loadable.swift */,
				C66B081525572C3400D911CE /* NetworkingHelpers.swift */,
				C66B081A25572C8900D911CE /* Store.swift */,
				C66B082025572CF000D911CE /* WebRepository.swift */,
			);
			path = utility;
			sourceTree = "<group>";
		};
		C66B087F255759C500D911CE /* interactor */ = {
			isa = PBXGroup;
			children = (
				C66B0880255759FA00D911CE /* CountriesInteractor.swift */,
				C66B088525575C4C00D911CE /* ImagesInteractor.swift */,
				C66B088A25575CD000D911CE /* UserPermissionsInteractor.swift */,
			);
			path = interactor;
			sourceTree = "<group>";
		};
		C66B088F255FBC7F00D911CE /* imageWebRepository */ = {
			isa = PBXGroup;
			children = (
				C66B0890255FBCA400D911CE /* ImageWebRepository.swift */,
			);
			path = imageWebRepository;
			sourceTree = "<group>";
		};
		C66B0895255FBCED00D911CE /* countriesWebRepository */ = {
			isa = PBXGroup;
			children = (
				C66B0896255FBD0700D911CE /* CountriesWebRepository.swift */,
			);
			path = countriesWebRepository;
			sourceTree = "<group>";
		};
		C66B089B255FBD2600D911CE /* PushTokenWebRepository */ = {
			isa = PBXGroup;
			children = (
				C66B089C255FBD4F00D911CE /* PushTokenWebRepository.swift */,
			);
			path = PushTokenWebRepository;
			sourceTree = "<group>";
		};
		C66B08A1255FF90C00D911CE /* extensions */ = {
			isa = PBXGroup;
			children = (
				C66B080625572BBD00D911CE /* Helpers.swift */,
				C66B08A2255FF94B00D911CE /* extensionString.swift */,
				C66B08A7255FF97800D911CE /* extensionInt.swift */,
				C66B08AC255FF9E100D911CE /* extensionStringDate.swift */,
			);
			path = extensions;
			sourceTree = "<group>";
		};
		C66B08F1256090A700D911CE /* presentation */ = {
			isa = PBXGroup;
			children = (
				C68AA0A02553423200F88201 /* PageViewController.swift */,
				C68AA0A22553424700F88201 /* Subview.swift */,
				C68AA0A42553425700F88201 /* PagesView.swift */,
				C68AA09E2553420800F88201 /* PageControl.swift */,
				C68AA09C255341EF00F88201 /* OnboardingView.swift */,
			);
			path = presentation;
			sourceTree = "<group>";
		};
		C66B08F22560947700D911CE /* domain */ = {
			isa = PBXGroup;
			children = (
				C66B08F42560952100D911CE /* OnboardingRepositioning.swift */,
				C66B08FE2560A0F600D911CE /* OnboardingInteractor.swift */,
				C66B09032560A29D00D911CE /* OnboardingIntractable.swift */,
				C66B09082560A4D100D911CE /* OnboardingInteractorFake.swift */,
			);
			path = domain;
			sourceTree = "<group>";
		};
		C66B08F3256094B600D911CE /* data */ = {
			isa = PBXGroup;
			children = (
				C66B08F92560997400D911CE /* OnboardingRepository.swift */,
			);
			path = data;
			sourceTree = "<group>";
		};
		C67FD34D25630CB200D261F3 /* achivements */ = {
			isa = PBXGroup;
			children = (
				C67FD34E25630CE900D261F3 /* AchivementsView.swift */,
				C6F5F6BA256459BC0088CECD /* AchivementList.swift */,
				C6F5F6BF2564616B0088CECD /* AchivementCardView.swift */,
				C6F5F6C425646D8B0088CECD /* AchivementRow.swift */,
				C6F5F6C925646DAC0088CECD /* AchivementType.swift */,
			);
			path = achivements;
			sourceTree = "<group>";
		};
		C68AA05C25533DA200F88201 = {
			isa = PBXGroup;
			children = (
				C68AA06725533DA200F88201 /* nrgWayWellness */,
				C68AA08125533DA700F88201 /* nrgWayWellnessTests */,
				C68AA08C25533DA700F88201 /* nrgWayWellnessUITests */,
				C68AA06625533DA200F88201 /* Products */,
			);
			sourceTree = "<group>";
		};
		C68AA06625533DA200F88201 /* Products */ = {
			isa = PBXGroup;
			children = (
				C68AA06525533DA200F88201 /* nrgWayWellness.app */,
				C68AA07E25533DA700F88201 /* nrgWayWellnessTests.xctest */,
				C68AA08925533DA700F88201 /* nrgWayWellnessUITests.xctest */,
			);
			name = Products;
			sourceTree = "<group>";
		};
		C68AA06725533DA200F88201 /* nrgWayWellness */ = {
			isa = PBXGroup;
			children = (
				C66B089B255FBD2600D911CE /* PushTokenWebRepository */,
				C66B0895255FBCED00D911CE /* countriesWebRepository */,
				C66B088F255FBC7F00D911CE /* imageWebRepository */,
				C66B087F255759C500D911CE /* interactor */,
				C6E6CF6A255461F800326093 /* achievementRepository */,
				C6E6D0AA2554B3BC00326093 /* authRepository */,
				C6E6CFCE2554843C00326093 /* categoriesRepository */,
				C66B082525572DE700D911CE /* components */,
				C66B085A2557525400D911CE /* core */,
				C66B08592557521900D911CE /* data */,
				C66B0864255754BD00D911CE /* features */,
				C6E6CF7D255463F900326093 /* formulaVideoRepository */,
				C6E6CF9A25547BB100326093 /* instructorsRepository */,
				C68AA07325533DA700F88201 /* Preview Content */,
				C66B0858255751B200D911CE /* resources */,
				C6E6D06A2554A90E00326093 /* subscribeRepository */,
				C66B086B2557562A00D911CE /* utility */,
				C6E6CFF92554953A00326093 /* videosLogRepository */,
				C6E6D0052554973E00326093 /* videosRepository */,
			);
			path = nrgWayWellness;
			sourceTree = "<group>";
		};
		C68AA07325533DA700F88201 /* Preview Content */ = {
			isa = PBXGroup;
			children = (
				C68AA07425533DA700F88201 /* Preview Assets.xcassets */,
			);
			path = "Preview Content";
			sourceTree = "<group>";
		};
		C68AA08125533DA700F88201 /* nrgWayWellnessTests */ = {
			isa = PBXGroup;
			children = (
				C68AA08225533DA700F88201 /* nrgWayWellnessTests.swift */,
				C68AA08425533DA700F88201 /* Info.plist */,
			);
			path = nrgWayWellnessTests;
			sourceTree = "<group>";
		};
		C68AA08C25533DA700F88201 /* nrgWayWellnessUITests */ = {
			isa = PBXGroup;
			children = (
				C68AA08D25533DA700F88201 /* nrgWayWellnessUITests.swift */,
				C68AA08F25533DA700F88201 /* Info.plist */,
			);
			path = nrgWayWellnessUITests;
			sourceTree = "<group>";
		};
		C68AA09B255341BD00F88201 /* onboarding */ = {
			isa = PBXGroup;
			children = (
				C66B08F3256094B600D911CE /* data */,
				C66B08F22560947700D911CE /* domain */,
				C66B08F1256090A700D911CE /* presentation */,
			);
			path = onboarding;
			sourceTree = "<group>";
		};
		C68AA0AB255348DE00F88201 /* login */ = {
			isa = PBXGroup;
			children = (
				C68AA0AC2553499700F88201 /* SignUpView.swift */,
				C68AA0B0255349B500F88201 /* LoginView.swift */,
				C68AA0AE255349A600F88201 /* ForgotPasswordView.swift */,
			);
			path = login;
			sourceTree = "<group>";
		};
		C68AA0B42553584E00F88201 /* main */ = {
			isa = PBXGroup;
			children = (
				C68AA0B6255359C000F88201 /* TabbarVC.swift */,
				C6E6D11825553E6400326093 /* MainTabView.swift */,
			);
			path = main;
			sourceTree = "<group>";
		};
		C6E6CF6A255461F800326093 /* achievementRepository */ = {
			isa = PBXGroup;
			children = (
				C6E6D0E22554BB4900326093 /* model */,
				C6E6D0DD2554BB4000326093 /* AchievementRepository.swift */,
			);
			path = achievementRepository;
			sourceTree = "<group>";
		};
		C6E6CF7D255463F900326093 /* formulaVideoRepository */ = {
			isa = PBXGroup;
			children = (
				C6E6D0E42554BB7E00326093 /* model */,
				C6E6D0E52554BB9400326093 /* FormulaVideoRepository.swift */,
			);
			path = formulaVideoRepository;
			sourceTree = "<group>";
		};
		C6E6CF9A25547BB100326093 /* instructorsRepository */ = {
			isa = PBXGroup;
			children = (
				C6E6D0F22554BBC900326093 /* model */,
				C6E6D0ED2554BBC300326093 /* InstructorsRepository.swift */,
			);
			path = instructorsRepository;
			sourceTree = "<group>";
		};
		C6E6CFB525547FD000326093 /* listOfInstructors */ = {
			isa = PBXGroup;
			children = (
				C6E6CFA325547C8B00326093 /* InstructorListData.swift */,
				C6E6CF9B25547C1800326093 /* ResInstructors.swift */,
			);
			path = listOfInstructors;
			sourceTree = "<group>";
		};
		C6E6CFB62554801300326093 /* instructor */ = {
			isa = PBXGroup;
			children = (
				C6E6CFB025547D9A00326093 /* InstructorData.swift */,
				C6E6CFA825547CDF00326093 /* ResInstructor.swift */,
			);
			name = instructor;
			path = ..;
			sourceTree = "<group>";
		};
		C6E6CFB72554806500326093 /* listOFvideosForTheTrainer */ = {
			isa = PBXGroup;
			children = (
				C6E6CFB92554810A00326093 /* ResVideosForTrainer.swift */,
				C6E6CFBE2554814600326093 /* VideosForTrainerData.swift */,
				C6E6CFC32554819700326093 /* VideosForTrainerDataCreator.swift */,
			);
			path = listOFvideosForTheTrainer;
			sourceTree = "<group>";
		};
		C6E6CFC8255482AF00326093 /* listOfFormulas */ = {
			isa = PBXGroup;
			children = (
				C6E6CF952554677300326093 /* ResFormulas.swift */,
				C6E6CF812554646900326093 /* Creator.swift */,
			);
			path = listOfFormulas;
			sourceTree = "<group>";
		};
		C6E6CFC92554830100326093 /* returnInstructor */ = {
			isa = PBXGroup;
			children = (
				C6E6CF90255466C400326093 /* FormulaData.swift */,
				C6E6CF8B2554667A00326093 /* ResFormula.swift */,
			);
			path = returnInstructor;
			sourceTree = "<group>";
		};
		C6E6CFCA2554836F00326093 /* videosOfSpecificFormula */ = {
			isa = PBXGroup;
			children = (
				C6E6CF862554655F00326093 /* FormulaVideoData.swift */,
				C6E6CF78255463DF00326093 /* ResFormulaVideo.swift */,
			);
			path = videosOfSpecificFormula;
			sourceTree = "<group>";
		};
		C6E6CFCE2554843C00326093 /* categoriesRepository */ = {
			isa = PBXGroup;
			children = (
				C6E6D0F82554BBF600326093 /* model */,
				C6E6D0F32554BBF000326093 /* CategoriesRepository.swift */,
			);
			path = categoriesRepository;
			sourceTree = "<group>";
		};
		C6E6CFCF2554845C00326093 /* listOfCategories */ = {
			isa = PBXGroup;
			children = (
				C6E6CFD12554853400326093 /* ResCategories.swift */,
				C6E6CFD92554856100326093 /* CategoriesData.swift */,
			);
			path = listOfCategories;
			sourceTree = "<group>";
		};
		C6E6CFDE255485D600326093 /* catgegory */ = {
			isa = PBXGroup;
			children = (
				C6E6CFDF255486A000326093 /* ResCategory.swift */,
				C6E6CFE4255486C400326093 /* CategoryData.swift */,
			);
			path = catgegory;
			sourceTree = "<group>";
		};
		C6E6CFE92554873900326093 /* listOfVideosByCategory */ = {
			isa = PBXGroup;
			children = (
				C6E6CFEA255487BB00326093 /* ResVideosForCategory.swift */,
				C6E6CFEF255487EA00326093 /* VideosForCategoryData.swift */,
				C6E6CFF42554882300326093 /* VideosForCategoryDataCreator.swift */,
			);
			path = listOfVideosByCategory;
			sourceTree = "<group>";
		};
		C6E6CFF92554953A00326093 /* videosLogRepository */ = {
			isa = PBXGroup;
			children = (
				C6E6CFFA2554958200326093 /* updateLogsForVideoThatIsBeingWatched */,
				C6E6D0F92554BC2F00326093 /* VideosLogRepository.swift */,
			);
			path = videosLogRepository;
			sourceTree = "<group>";
		};
		C6E6CFFA2554958200326093 /* updateLogsForVideoThatIsBeingWatched */ = {
			isa = PBXGroup;
			children = (
				C6E6CFFB255495F000326093 /* ResVideosLog.swift */,
				C6E6D0002554965C00326093 /* VideosLogData.swift */,
			);
			path = updateLogsForVideoThatIsBeingWatched;
			sourceTree = "<group>";
		};
		C6E6D0052554973E00326093 /* videosRepository */ = {
			isa = PBXGroup;
			children = (
				C6E6D1032554BC4D00326093 /* model */,
				C6E6D0FE2554BC4700326093 /* VideosRepository.swift */,
			);
			path = videosRepository;
			sourceTree = "<group>";
		};
		C6E6D0062554977200326093 /* listOfVideos */ = {
			isa = PBXGroup;
			children = (
				C6E6D00C2554989D00326093 /* ResListOfvideos.swift */,
				C6E6D0112554991800326093 /* ListOfvideosData.swift */,
				C6E6D0162554995E00326093 /* ListOfvideosDataCreator.swift */,
			);
			path = listOfVideos;
			sourceTree = "<group>";
		};
		C6E6D0072554979C00326093 /* singleVideoWithLikesAndRelatedVideosToVideo */ = {
			isa = PBXGroup;
			children = (
				C6E6D01B255499D200326093 /* ResSingleVideo.swift */,
				C6E6D02025549A2700326093 /* SingleVideoData.swift */,
				C6E6D02525549A5F00326093 /* SingleVideoDataRelatedVideo.swift */,
				C6E6D02A25549ADB00326093 /* SingleVideoDataCreator.swift */,
				C6E6D02F25549B1200326093 /* SingleVideoDataVideo.swift */,
			);
			path = singleVideoWithLikesAndRelatedVideosToVideo;
			sourceTree = "<group>";
		};
		C6E6D008255497CE00326093 /* listOfVideosFavorites */ = {
			isa = PBXGroup;
			children = (
				C6E6D03825549D6500326093 /* ResVideosFavorites.swift */,
				C6E6D03D25549DA900326093 /* VideosFavoritesData.swift */,
				C6E6D04225549DD100326093 /* VideosFavoritesDataCreator.swift */,
			);
			path = listOfVideosFavorites;
			sourceTree = "<group>";
		};
		C6E6D009255497F400326093 /* likeToVideoSpecific */ = {
			isa = PBXGroup;
			children = (
				C6E6D04725549E3900326093 /* ResLikeToVideo.swift */,
				C6E6D04C25549E9500326093 /* LikeToVideoData.swift */,
				C6E6D05125549ED300326093 /* ReqLikeToVideo.swift */,
			);
			path = likeToVideoSpecific;
			sourceTree = "<group>";
		};
		C6E6D00A2554981C00326093 /* challengeWithVideo */ = {
			isa = PBXGroup;
			children = (
				C6E6D05625549F4700326093 /* ResChallengeVideo.swift */,
				C6E6D05B2554A21700326093 /* ReqChallengeVideo.swift */,
			);
			path = challengeWithVideo;
			sourceTree = "<group>";
		};
		C6E6D00B2554984B00326093 /* verifyIfChallengeWasDone */ = {
			isa = PBXGroup;
			children = (
				C6E6D0602554A2A800326093 /* ResCheckChallenge.swift */,
				C6E6D0652554A2F800326093 /* CheckChallengeData.swift */,
			);
			path = verifyIfChallengeWasDone;
			sourceTree = "<group>";
		};
		C6E6D06A2554A90E00326093 /* subscribeRepository */ = {
			isa = PBXGroup;
			children = (
				C6E6D1092554BC8400326093 /* model */,
				C6E6D1042554BC7F00326093 /* SubscribeRepository.swift */,
			);
			path = subscribeRepository;
			sourceTree = "<group>";
		};
		C6E6D06B2554A94000326093 /* informationAboutSubscriberOfVideos */ = {
			isa = PBXGroup;
			children = (
				C6E6D0702554AAEE00326093 /* ResGetInfo.swift */,
				C6E6D0752554AB6F00326093 /* GetInfoData.swift */,
			);
			path = informationAboutSubscriberOfVideos;
			sourceTree = "<group>";
		};
		C6E6D06C2554A96D00326093 /* updateProfileOfSubcriber */ = {
			isa = PBXGroup;
			children = (
				C6E6D07A2554ABDD00326093 /* ReqUpdateProfile.swift */,
				C6E6D07F2554ACAF00326093 /* ResUpdateProfile.swift */,
				C6E6D0842554AD1A00326093 /* UpdateProfileData.swift */,
			);
			path = updateProfileOfSubcriber;
			sourceTree = "<group>";
		};
		C6E6D06D2554A9A400326093 /* levelInformationAboutSubscriber */ = {
			isa = PBXGroup;
			children = (
				C6E6D0892554ADD600326093 /* ResLevelInformation.swift */,
				C6E6D08E2554AE1900326093 /* LevelInformationData.swift */,
			);
			path = levelInformationAboutSubscriber;
			sourceTree = "<group>";
		};
		C6E6D06E2554A9D000326093 /* pointsInformationAboutSubscriber */ = {
			isa = PBXGroup;
			children = (
				C6E6D09B2554B02400326093 /* ResPointsInformation.swift */,
				C6E6D0A02554B0FE00326093 /* PointsInformationData.swift */,
			);
			path = pointsInformationAboutSubscriber;
			sourceTree = "<group>";
		};
		C6E6D06F2554AA0700326093 /* sendEmailToSubcriberToResetPassword */ = {
			isa = PBXGroup;
			children = (
				C6E6D0A52554B2FE00326093 /* ResResetPassword.swift */,
			);
			path = sendEmailToSubcriberToResetPassword;
			sourceTree = "<group>";
		};
		C6E6D0AA2554B3BC00326093 /* authRepository */ = {
			isa = PBXGroup;
			children = (
				C6E6D10F2554BCB000326093 /* model */,
				C6E6D10A2554BCA800326093 /* AuthRepository.swift */,
			);
			path = authRepository;
			sourceTree = "<group>";
		};
		C6E6D0B52554B4CF00326093 /* login */ = {
			isa = PBXGroup;
			children = (
				C6E6D0B02554B49200326093 /* ResLogin.swift */,
				C6E6D0AB2554B40400326093 /* ReqLogin.swift */,
			);
			path = login;
			sourceTree = "<group>";
		};
		C6E6D0B62554B4E100326093 /* Register */ = {
			isa = PBXGroup;
			children = (
				C6E6D0B72554B54800326093 /* ResRegister.swift */,
				C6E6D0BC2554B58400326093 /* ReqRegister.swift */,
				C6E6D0C12554B60200326093 /* RegisterData.swift */,
			);
			path = Register;
			sourceTree = "<group>";
		};
		C6E6D0C62554B64C00326093 /* LogOut */ = {
			isa = PBXGroup;
			children = (
				C6E6D0C72554B69C00326093 /* ResLogOut .swift */,
			);
			path = LogOut;
			sourceTree = "<group>";
		};
		C6E6D0CC2554B75600326093 /* authResetPassword */ = {
			isa = PBXGroup;
			children = (
				C6E6D0CD2554B7C200326093 /* ResAuthResetPassword.swift */,
				C6E6D0D22554B80600326093 /* ReqAuthResetPassword.swift */,
			);
			path = authResetPassword;
			sourceTree = "<group>";
		};
		C6E6D0E22554BB4900326093 /* model */ = {
			isa = PBXGroup;
			children = (
				C6E6CF73255462A000326093 /* AchievementData.swift */,
				C6E6CF6B2554623400326093 /* ResAchievements.swift */,
			);
			path = model;
			sourceTree = "<group>";
		};
		C6E6D0E42554BB7E00326093 /* model */ = {
			isa = PBXGroup;
			children = (
				C6E6CFC8255482AF00326093 /* listOfFormulas */,
				C6E6CFC92554830100326093 /* returnInstructor */,
				C6E6CFCA2554836F00326093 /* videosOfSpecificFormula */,
			);
			path = model;
			sourceTree = "<group>";
		};
		C6E6D0F22554BBC900326093 /* model */ = {
			isa = PBXGroup;
			children = (
				C6E6CFB525547FD000326093 /* listOfInstructors */,
				C6E6CFB62554801300326093 /* instructor */,
				C6E6CFB72554806500326093 /* listOFvideosForTheTrainer */,
			);
			path = model;
			sourceTree = "<group>";
		};
		C6E6D0F82554BBF600326093 /* model */ = {
			isa = PBXGroup;
			children = (
				C6E6CFCF2554845C00326093 /* listOfCategories */,
				C6E6CFDE255485D600326093 /* catgegory */,
				C6E6CFE92554873900326093 /* listOfVideosByCategory */,
			);
			path = model;
			sourceTree = "<group>";
		};
		C6E6D1032554BC4D00326093 /* model */ = {
			isa = PBXGroup;
			children = (
				C6E6D00B2554984B00326093 /* verifyIfChallengeWasDone */,
				C6E6D00A2554981C00326093 /* challengeWithVideo */,
				C6E6D009255497F400326093 /* likeToVideoSpecific */,
				C6E6D008255497CE00326093 /* listOfVideosFavorites */,
				C6E6D0072554979C00326093 /* singleVideoWithLikesAndRelatedVideosToVideo */,
				C6E6D0062554977200326093 /* listOfVideos */,
			);
			path = model;
			sourceTree = "<group>";
		};
		C6E6D1092554BC8400326093 /* model */ = {
			isa = PBXGroup;
			children = (
				C6E6D06F2554AA0700326093 /* sendEmailToSubcriberToResetPassword */,
				C6E6D06E2554A9D000326093 /* pointsInformationAboutSubscriber */,
				C6E6D06D2554A9A400326093 /* levelInformationAboutSubscriber */,
				C6E6D06C2554A96D00326093 /* updateProfileOfSubcriber */,
				C6E6D06B2554A94000326093 /* informationAboutSubscriberOfVideos */,
			);
			path = model;
			sourceTree = "<group>";
		};
		C6E6D10F2554BCB000326093 /* model */ = {
			isa = PBXGroup;
			children = (
				C6E6D0CC2554B75600326093 /* authResetPassword */,
				C6E6D0C62554B64C00326093 /* LogOut */,
				C6E6D0B62554B4E100326093 /* Register */,
				C6E6D0B52554B4CF00326093 /* login */,
			);
			path = model;
			sourceTree = "<group>";
		};
		C6E6D1102554C10D00326093 /* home */ = {
			isa = PBXGroup;
			children = (
				C6E6D12C255555E500326093 /* HomeView.swift */,
			);
			path = home;
			sourceTree = "<group>";
		};
		C6E6D1112554C11800326093 /* workout */ = {
			isa = PBXGroup;
			children = (
				C6E6D127255555BF00326093 /* WorkOutView.swift */,
			);
			path = workout;
			sourceTree = "<group>";
		};
		C6E6D1122554C12600326093 /* saved */ = {
			isa = PBXGroup;
			children = (
				C6E6D11D2555517A00326093 /* SavedView.swift */,
			);
			path = saved;
			sourceTree = "<group>";
		};
		C6E6D1132554C13400326093 /* profile */ = {
			isa = PBXGroup;
			children = (
				C6E6D1222555556900326093 /* ProfileView.swift */,
				C6E6D1312555602E00326093 /* CircleImageView.swift */,
				C6E6D136255561BC00326093 /* SocialMediaListView.swift */,
				C67FD3362562ABAF00D261F3 /* AvatarIntroView.swift */,
				C67FD3452562C4FE00D261F3 /* AchievementCard.swift */,
				C6F5F6DA25648A8B0088CECD /* PersonalInformation.swift */,
			);
			path = profile;
			sourceTree = "<group>";
		};
		C6F5F6CE256480A20088CECD /* detail */ = {
			isa = PBXGroup;
			children = (
				C6F5F6CF256480B90088CECD /* DetailView.swift */,
			);
			path = detail;
			sourceTree = "<group>";
		};
/* End PBXGroup section */

/* Begin PBXNativeTarget section */
		C68AA06425533DA200F88201 /* nrgWayWellness */ = {
			isa = PBXNativeTarget;
			buildConfigurationList = C68AA09225533DA700F88201 /* Build configuration list for PBXNativeTarget "nrgWayWellness" */;
			buildPhases = (
				C68AA06125533DA200F88201 /* Sources */,
				C68AA06225533DA200F88201 /* Frameworks */,
				C68AA06325533DA200F88201 /* Resources */,
			);
			buildRules = (
			);
			dependencies = (
			);
			name = nrgWayWellness;
			packageProductDependencies = (
				C66B084D25573D3200D911CE /* EnvironmentOverrides */,
			);
			productName = nrgWayWellness;
			productReference = C68AA06525533DA200F88201 /* nrgWayWellness.app */;
			productType = "com.apple.product-type.application";
		};
		C68AA07D25533DA700F88201 /* nrgWayWellnessTests */ = {
			isa = PBXNativeTarget;
			buildConfigurationList = C68AA09525533DA700F88201 /* Build configuration list for PBXNativeTarget "nrgWayWellnessTests" */;
			buildPhases = (
				C68AA07A25533DA700F88201 /* Sources */,
				C68AA07B25533DA700F88201 /* Frameworks */,
				C68AA07C25533DA700F88201 /* Resources */,
			);
			buildRules = (
			);
			dependencies = (
				C68AA08025533DA700F88201 /* PBXTargetDependency */,
			);
			name = nrgWayWellnessTests;
			productName = nrgWayWellnessTests;
			productReference = C68AA07E25533DA700F88201 /* nrgWayWellnessTests.xctest */;
			productType = "com.apple.product-type.bundle.unit-test";
		};
		C68AA08825533DA700F88201 /* nrgWayWellnessUITests */ = {
			isa = PBXNativeTarget;
			buildConfigurationList = C68AA09825533DA700F88201 /* Build configuration list for PBXNativeTarget "nrgWayWellnessUITests" */;
			buildPhases = (
				C68AA08525533DA700F88201 /* Sources */,
				C68AA08625533DA700F88201 /* Frameworks */,
				C68AA08725533DA700F88201 /* Resources */,
			);
			buildRules = (
			);
			dependencies = (
				C68AA08B25533DA700F88201 /* PBXTargetDependency */,
			);
			name = nrgWayWellnessUITests;
			productName = nrgWayWellnessUITests;
			productReference = C68AA08925533DA700F88201 /* nrgWayWellnessUITests.xctest */;
			productType = "com.apple.product-type.bundle.ui-testing";
		};
/* End PBXNativeTarget section */

/* Begin PBXProject section */
		C68AA05D25533DA200F88201 /* Project object */ = {
			isa = PBXProject;
			attributes = {
				LastSwiftUpdateCheck = 1160;
				LastUpgradeCheck = 1160;
				ORGANIZATIONNAME = wellness;
				TargetAttributes = {
					C68AA06425533DA200F88201 = {
						CreatedOnToolsVersion = 11.6;
					};
					C68AA07D25533DA700F88201 = {
						CreatedOnToolsVersion = 11.6;
						TestTargetID = C68AA06425533DA200F88201;
					};
					C68AA08825533DA700F88201 = {
						CreatedOnToolsVersion = 11.6;
						TestTargetID = C68AA06425533DA200F88201;
					};
				};
			};
			buildConfigurationList = C68AA06025533DA200F88201 /* Build configuration list for PBXProject "nrgWayWellness" */;
			compatibilityVersion = "Xcode 9.3";
			developmentRegion = en;
			hasScannedForEncodings = 0;
			knownRegions = (
				en,
				Base,
			);
			mainGroup = C68AA05C25533DA200F88201;
			packageReferences = (
				C66B084C25573D3200D911CE /* XCRemoteSwiftPackageReference "EnvironmentOverrides" */,
			);
			productRefGroup = C68AA06625533DA200F88201 /* Products */;
			projectDirPath = "";
			projectRoot = "";
			targets = (
				C68AA06425533DA200F88201 /* nrgWayWellness */,
				C68AA07D25533DA700F88201 /* nrgWayWellnessTests */,
				C68AA08825533DA700F88201 /* nrgWayWellnessUITests */,
			);
		};
/* End PBXProject section */

/* Begin PBXResourcesBuildPhase section */
		C68AA06325533DA200F88201 /* Resources */ = {
			isa = PBXResourcesBuildPhase;
			buildActionMask = 2147483647;
			files = (
				C68AA07825533DA700F88201 /* LaunchScreen.storyboard in Resources */,
				C68AA07525533DA700F88201 /* Preview Assets.xcassets in Resources */,
				C68AA07225533DA700F88201 /* Assets.xcassets in Resources */,
			);
			runOnlyForDeploymentPostprocessing = 0;
		};
		C68AA07C25533DA700F88201 /* Resources */ = {
			isa = PBXResourcesBuildPhase;
			buildActionMask = 2147483647;
			files = (
			);
			runOnlyForDeploymentPostprocessing = 0;
		};
		C68AA08725533DA700F88201 /* Resources */ = {
			isa = PBXResourcesBuildPhase;
			buildActionMask = 2147483647;
			files = (
			);
			runOnlyForDeploymentPostprocessing = 0;
		};
/* End PBXResourcesBuildPhase section */

/* Begin PBXSourcesBuildPhase section */
		C68AA06125533DA200F88201 /* Sources */ = {
			isa = PBXSourcesBuildPhase;
			buildActionMask = 2147483647;
			files = (
				C6E6D0B12554B49200326093 /* ResLogin.swift in Sources */,
				C6E6CF872554655F00326093 /* FormulaVideoData.swift in Sources */,
				C6E6CFE5255486C400326093 /* CategoryData.swift in Sources */,
				C6E6D07B2554ABDD00326093 /* ReqUpdateProfile.swift in Sources */,
				C6E6D0DE2554BB4000326093 /* AchievementRepository.swift in Sources */,
				C6E6D05225549ED300326093 /* ReqLikeToVideo.swift in Sources */,
				C6E6CFEB255487BB00326093 /* ResVideosForCategory.swift in Sources */,
				C66B081625572C3400D911CE /* NetworkingHelpers.swift in Sources */,
				C68AA06925533DA200F88201 /* AppDelegate.swift in Sources */,
				C66B08A8255FF97800D911CE /* extensionInt.swift in Sources */,
				C6E6CFF52554882300326093 /* VideosForCategoryDataCreator.swift in Sources */,
				C6E6D11925553E6400326093 /* MainTabView.swift in Sources */,
				C6F5F6BB256459BC0088CECD /* AchivementList.swift in Sources */,
				C66B083B2557301F00D911CE /* ActivityIndicatorView.swift in Sources */,
				C68AA0A12553423200F88201 /* PageViewController.swift in Sources */,
				C67FD3372562ABAF00D261F3 /* AvatarIntroView.swift in Sources */,
				C6E6D01C255499D200326093 /* ResSingleVideo.swift in Sources */,
				C6E6D0F42554BBF000326093 /* CategoriesRepository.swift in Sources */,
				C6E6D0A12554B0FE00326093 /* PointsInformationData.swift in Sources */,
				C6E6D0CE2554B7C200326093 /* ResAuthResetPassword.swift in Sources */,
				C68AA0A52553425700F88201 /* PagesView.swift in Sources */,
				C6E6D09C2554B02400326093 /* ResPointsInformation.swift in Sources */,
				C67FD33C2562B97A00D261F3 /* CardView.swift in Sources */,
				C66B0881255759FA00D911CE /* CountriesInteractor.swift in Sources */,
				C6E6D0B82554B54800326093 /* ResRegister.swift in Sources */,
				C6E6D0FF2554BC4700326093 /* VideosRepository.swift in Sources */,
				C6E6CFBA2554810A00326093 /* ResVideosForTrainer.swift in Sources */,
				C66B081B25572C8900D911CE /* Store.swift in Sources */,
				C6E6D0A62554B2FE00326093 /* ResResetPassword.swift in Sources */,
				C6E6D0C22554B60200326093 /* RegisterData.swift in Sources */,
				C66B08F52560952100D911CE /* OnboardingRepositioning.swift in Sources */,
				C6E6D0612554A2A800326093 /* ResCheckChallenge.swift in Sources */,
				C6E6D08F2554AE1900326093 /* LevelInformationData.swift in Sources */,
				C6AE2F1F25614A1900DA44C6 /* Seperator.swift in Sources */,
				C6F5F6C525646D8B0088CECD /* AchivementRow.swift in Sources */,
				C66B08E82560458200D911CE /* SVGImageView.swift in Sources */,
				C67FD34F25630CEA00D261F3 /* AchivementsView.swift in Sources */,
				C6E6CFA925547CDF00326093 /* ResInstructor.swift in Sources */,
				C6E6CFF0255487EA00326093 /* VideosForCategoryData.swift in Sources */,
				C6E6D11E2555517A00326093 /* SavedView.swift in Sources */,
				C6E6D0852554AD1A00326093 /* UpdateProfileData.swift in Sources */,
				C6E6D1322555602E00326093 /* CircleImageView.swift in Sources */,
				C66B081125572C1600D911CE /* Loadable.swift in Sources */,
				C6AE2F15256148C800DA44C6 /* NavigationConfigurator.swift in Sources */,
				C6E6D12D255555E500326093 /* HomeView.swift in Sources */,
				C6E6D02625549A5F00326093 /* SingleVideoDataRelatedVideo.swift in Sources */,
				C6E6CFE0255486A000326093 /* ResCategory.swift in Sources */,
				C66B080225572B9000D911CE /* CancelBag.swift in Sources */,
				C68AA0AA2553443A00F88201 /* UserDefault.swift in Sources */,
				C6E6CF6C2554623400326093 /* ResAchievements.swift in Sources */,
				C6E6D0BD2554B58400326093 /* ReqRegister.swift in Sources */,
				C66B09042560A29D00D911CE /* OnboardingIntractable.swift in Sources */,
				C68AA0AD2553499700F88201 /* SignUpView.swift in Sources */,
				C68AA0A82553440100F88201 /* DataStore.swift in Sources */,
				C68AA0B325534A9200F88201 /* OtherData.swift in Sources */,
				C6E6D03925549D6500326093 /* ResVideosFavorites.swift in Sources */,
				C6E6D0712554AAEE00326093 /* ResGetInfo.swift in Sources */,
				C6E6CFFC255495F000326093 /* ResVideosLog.swift in Sources */,
				C6E6CFB125547D9A00326093 /* InstructorData.swift in Sources */,
				C6F5F6CA25646DAC0088CECD /* AchivementType.swift in Sources */,
				C66B088625575C4C00D911CE /* ImagesInteractor.swift in Sources */,
				C6E6D1232555556900326093 /* ProfileView.swift in Sources */,
				C6F5F6DB25648A8B0088CECD /* PersonalInformation.swift in Sources */,
				C66B083125572F1600D911CE /* MockedModel.swift in Sources */,
				C6E6CF79255463DF00326093 /* ResFormulaVideo.swift in Sources */,
				C6E6D128255555BF00326093 /* WorkOutView.swift in Sources */,
				C68AA06B25533DA200F88201 /* SceneDelegate.swift in Sources */,
				C66B08A3255FF94B00D911CE /* extensionString.swift in Sources */,
				C6E6D08A2554ADD600326093 /* ResLevelInformation.swift in Sources */,
				C66B088B25575CD000D911CE /* UserPermissionsInteractor.swift in Sources */,
				C6AE2F102561485B00DA44C6 /* ColorKit.swift in Sources */,
				C6E6D0012554965C00326093 /* VideosLogData.swift in Sources */,
				C6E6D02B25549ADB00326093 /* SingleVideoDataCreator.swift in Sources */,
				C68AA09F2553420800F88201 /* PageControl.swift in Sources */,
				C6F5F6D0256480B90088CECD /* DetailView.swift in Sources */,
				C6AE2F1A256148FB00DA44C6 /* RoundedImage.swift in Sources */,
				C66B08AD255FF9E100D911CE /* extensionStringDate.swift in Sources */,
				C67FD3412562BDC300D261F3 /* ProductCard.swift in Sources */,
				C6E6D04D25549E9500326093 /* LikeToVideoData.swift in Sources */,
				C6E6D05C2554A21700326093 /* ReqChallengeVideo.swift in Sources */,
				C6E6D1052554BC7F00326093 /* SubscribeRepository.swift in Sources */,
				C6E6D0FA2554BC2F00326093 /* VideosLogRepository.swift in Sources */,
				C6E6CFA425547C8B00326093 /* InstructorListData.swift in Sources */,
				C66B08FA2560997400D911CE /* OnboardingRepository.swift in Sources */,
				C6E6D00D2554989D00326093 /* ResListOfvideos.swift in Sources */,
				C6E6CFDA2554856100326093 /* CategoriesData.swift in Sources */,
				C6E6D0762554AB6F00326093 /* GetInfoData.swift in Sources */,
				C68AA0B1255349B500F88201 /* LoginView.swift in Sources */,
				C66B089D255FBD4F00D911CE /* PushTokenWebRepository.swift in Sources */,
				C6E6CF822554646900326093 /* Creator.swift in Sources */,
				C6E6CF74255462A000326093 /* AchievementData.swift in Sources */,
				C6E6D04825549E3900326093 /* ResLikeToVideo.swift in Sources */,
				C6E6D03025549B1200326093 /* SingleVideoDataVideo.swift in Sources */,
				C6E6CF962554677300326093 /* ResFormulas.swift in Sources */,
				C6E6D0EE2554BBC300326093 /* InstructorsRepository.swift in Sources */,
				C6E6CFC42554819700326093 /* VideosForTrainerDataCreator.swift in Sources */,
				C6E6D04325549DD100326093 /* VideosFavoritesDataCreator.swift in Sources */,
				C68AA0AF255349A600F88201 /* ForgotPasswordView.swift in Sources */,
				C6E6D137255561BC00326093 /* SocialMediaListView.swift in Sources */,
				C6E6CFBF2554814600326093 /* VideosForTrainerData.swift in Sources */,
				C66B080C25572BF300D911CE /* LazyList.swift in Sources */,
				C66B080725572BBD00D911CE /* Helpers.swift in Sources */,
				C6E6D0AC2554B40400326093 /* ReqLogin.swift in Sources */,
				C6E6D03E25549DA900326093 /* VideosFavoritesData.swift in Sources */,
				C6E6D0D32554B80600326093 /* ReqAuthResetPassword.swift in Sources */,
				C66B0897255FBD0700D911CE /* CountriesWebRepository.swift in Sources */,
				C6E6D0172554995E00326093 /* ListOfvideosDataCreator.swift in Sources */,
				C66B082125572CF000D911CE /* WebRepository.swift in Sources */,
				C68AA07025533DA200F88201 /* CoreContentView.swift in Sources */,
				C6E6D0662554A2F800326093 /* CheckChallengeData.swift in Sources */,
				C66B083625572FF900D911CE /* ErrorView.swift in Sources */,
				C6E6D0E62554BB9400326093 /* FormulaVideoRepository.swift in Sources */,
				C6F5F6C02564616B0088CECD /* AchivementCardView.swift in Sources */,
				C6E6CF91255466C400326093 /* FormulaData.swift in Sources */,
				C6E6D02125549A2700326093 /* SingleVideoData.swift in Sources */,
				C67FD3462562C4FE00D261F3 /* AchievementCard.swift in Sources */,
				C68AA0A32553424700F88201 /* Subview.swift in Sources */,
				C6AE2F422562795300DA44C6 /* ScaledBezier.swift in Sources */,
				C68AA09D255341EF00F88201 /* OnboardingView.swift in Sources */,
				C68AA0B7255359C000F88201 /* TabbarVC.swift in Sources */,
				C66B08452557306700D911CE /* SearchBar.swift in Sources */,
				C66B0891255FBCA400D911CE /* ImageWebRepository.swift in Sources */,
				C6E6CF9C25547C1800326093 /* ResInstructors.swift in Sources */,
				C68AA06E25533DA200F88201 /* nrgWayWellness.xcdatamodeld in Sources */,
				C66B08ED256045D400D911CE /* DetailRow.swift in Sources */,
				C66B09092560A4D100D911CE /* OnboardingInteractorFake.swift in Sources */,
				C6E6CFD22554853400326093 /* ResCategories.swift in Sources */,
				C66B082C25572E3E00D911CE /* Country.swift in Sources */,
				C6E6D0122554991800326093 /* ListOfvideosData.swift in Sources */,
				C6E6CF8C2554667A00326093 /* ResFormula.swift in Sources */,
				C6E6D05725549F4700326093 /* ResChallengeVideo.swift in Sources */,
				C6E6D10B2554BCA800326093 /* AuthRepository.swift in Sources */,
				C66B08FF2560A0F600D911CE /* OnboardingInteractor.swift in Sources */,
				C6E6D0802554ACAF00326093 /* ResUpdateProfile.swift in Sources */,
				C66B07FD25572B6400D911CE /* APICall.swift in Sources */,
				C6E6D0C82554B69C00326093 /* ResLogOut .swift in Sources */,
			);
			runOnlyForDeploymentPostprocessing = 0;
		};
		C68AA07A25533DA700F88201 /* Sources */ = {
			isa = PBXSourcesBuildPhase;
			buildActionMask = 2147483647;
			files = (
				C68AA08325533DA700F88201 /* nrgWayWellnessTests.swift in Sources */,
			);
			runOnlyForDeploymentPostprocessing = 0;
		};
		C68AA08525533DA700F88201 /* Sources */ = {
			isa = PBXSourcesBuildPhase;
			buildActionMask = 2147483647;
			files = (
				C68AA08E25533DA700F88201 /* nrgWayWellnessUITests.swift in Sources */,
			);
			runOnlyForDeploymentPostprocessing = 0;
		};
/* End PBXSourcesBuildPhase section */

/* Begin PBXTargetDependency section */
		C68AA08025533DA700F88201 /* PBXTargetDependency */ = {
			isa = PBXTargetDependency;
			target = C68AA06425533DA200F88201 /* nrgWayWellness */;
			targetProxy = C68AA07F25533DA700F88201 /* PBXContainerItemProxy */;
		};
		C68AA08B25533DA700F88201 /* PBXTargetDependency */ = {
			isa = PBXTargetDependency;
			target = C68AA06425533DA200F88201 /* nrgWayWellness */;
			targetProxy = C68AA08A25533DA700F88201 /* PBXContainerItemProxy */;
		};
/* End PBXTargetDependency section */

/* Begin PBXVariantGroup section */
		C68AA07625533DA700F88201 /* LaunchScreen.storyboard */ = {
			isa = PBXVariantGroup;
			children = (
				C68AA07725533DA700F88201 /* Base */,
			);
			name = LaunchScreen.storyboard;
			sourceTree = "<group>";
		};
/* End PBXVariantGroup section */

/* Begin XCBuildConfiguration section */
		C68AA09025533DA700F88201 /* Debug */ = {
			isa = XCBuildConfiguration;
			buildSettings = {
				ALWAYS_SEARCH_USER_PATHS = NO;
				CLANG_ANALYZER_NONNULL = YES;
				CLANG_ANALYZER_NUMBER_OBJECT_CONVERSION = YES_AGGRESSIVE;
				CLANG_CXX_LANGUAGE_STANDARD = "gnu++14";
				CLANG_CXX_LIBRARY = "libc++";
				CLANG_ENABLE_MODULES = YES;
				CLANG_ENABLE_OBJC_ARC = YES;
				CLANG_ENABLE_OBJC_WEAK = YES;
				CLANG_WARN_BLOCK_CAPTURE_AUTORELEASING = YES;
				CLANG_WARN_BOOL_CONVERSION = YES;
				CLANG_WARN_COMMA = YES;
				CLANG_WARN_CONSTANT_CONVERSION = YES;
				CLANG_WARN_DEPRECATED_OBJC_IMPLEMENTATIONS = YES;
				CLANG_WARN_DIRECT_OBJC_ISA_USAGE = YES_ERROR;
				CLANG_WARN_DOCUMENTATION_COMMENTS = YES;
				CLANG_WARN_EMPTY_BODY = YES;
				CLANG_WARN_ENUM_CONVERSION = YES;
				CLANG_WARN_INFINITE_RECURSION = YES;
				CLANG_WARN_INT_CONVERSION = YES;
				CLANG_WARN_NON_LITERAL_NULL_CONVERSION = YES;
				CLANG_WARN_OBJC_IMPLICIT_RETAIN_SELF = YES;
				CLANG_WARN_OBJC_LITERAL_CONVERSION = YES;
				CLANG_WARN_OBJC_ROOT_CLASS = YES_ERROR;
				CLANG_WARN_RANGE_LOOP_ANALYSIS = YES;
				CLANG_WARN_STRICT_PROTOTYPES = YES;
				CLANG_WARN_SUSPICIOUS_MOVE = YES;
				CLANG_WARN_UNGUARDED_AVAILABILITY = YES_AGGRESSIVE;
				CLANG_WARN_UNREACHABLE_CODE = YES;
				CLANG_WARN__DUPLICATE_METHOD_MATCH = YES;
				COPY_PHASE_STRIP = NO;
				DEBUG_INFORMATION_FORMAT = dwarf;
				ENABLE_STRICT_OBJC_MSGSEND = YES;
				ENABLE_TESTABILITY = YES;
				GCC_C_LANGUAGE_STANDARD = gnu11;
				GCC_DYNAMIC_NO_PIC = NO;
				GCC_NO_COMMON_BLOCKS = YES;
				GCC_OPTIMIZATION_LEVEL = 0;
				GCC_PREPROCESSOR_DEFINITIONS = (
					"DEBUG=1",
					"$(inherited)",
				);
				GCC_WARN_64_TO_32_BIT_CONVERSION = YES;
				GCC_WARN_ABOUT_RETURN_TYPE = YES_ERROR;
				GCC_WARN_UNDECLARED_SELECTOR = YES;
				GCC_WARN_UNINITIALIZED_AUTOS = YES_AGGRESSIVE;
				GCC_WARN_UNUSED_FUNCTION = YES;
				GCC_WARN_UNUSED_VARIABLE = YES;
				IPHONEOS_DEPLOYMENT_TARGET = 13.6;
				MTL_ENABLE_DEBUG_INFO = INCLUDE_SOURCE;
				MTL_FAST_MATH = YES;
				ONLY_ACTIVE_ARCH = YES;
				SDKROOT = iphoneos;
				SWIFT_ACTIVE_COMPILATION_CONDITIONS = DEBUG;
				SWIFT_OPTIMIZATION_LEVEL = "-Onone";
			};
			name = Debug;
		};
		C68AA09125533DA700F88201 /* Release */ = {
			isa = XCBuildConfiguration;
			buildSettings = {
				ALWAYS_SEARCH_USER_PATHS = NO;
				CLANG_ANALYZER_NONNULL = YES;
				CLANG_ANALYZER_NUMBER_OBJECT_CONVERSION = YES_AGGRESSIVE;
				CLANG_CXX_LANGUAGE_STANDARD = "gnu++14";
				CLANG_CXX_LIBRARY = "libc++";
				CLANG_ENABLE_MODULES = YES;
				CLANG_ENABLE_OBJC_ARC = YES;
				CLANG_ENABLE_OBJC_WEAK = YES;
				CLANG_WARN_BLOCK_CAPTURE_AUTORELEASING = YES;
				CLANG_WARN_BOOL_CONVERSION = YES;
				CLANG_WARN_COMMA = YES;
				CLANG_WARN_CONSTANT_CONVERSION = YES;
				CLANG_WARN_DEPRECATED_OBJC_IMPLEMENTATIONS = YES;
				CLANG_WARN_DIRECT_OBJC_ISA_USAGE = YES_ERROR;
				CLANG_WARN_DOCUMENTATION_COMMENTS = YES;
				CLANG_WARN_EMPTY_BODY = YES;
				CLANG_WARN_ENUM_CONVERSION = YES;
				CLANG_WARN_INFINITE_RECURSION = YES;
				CLANG_WARN_INT_CONVERSION = YES;
				CLANG_WARN_NON_LITERAL_NULL_CONVERSION = YES;
				CLANG_WARN_OBJC_IMPLICIT_RETAIN_SELF = YES;
				CLANG_WARN_OBJC_LITERAL_CONVERSION = YES;
				CLANG_WARN_OBJC_ROOT_CLASS = YES_ERROR;
				CLANG_WARN_RANGE_LOOP_ANALYSIS = YES;
				CLANG_WARN_STRICT_PROTOTYPES = YES;
				CLANG_WARN_SUSPICIOUS_MOVE = YES;
				CLANG_WARN_UNGUARDED_AVAILABILITY = YES_AGGRESSIVE;
				CLANG_WARN_UNREACHABLE_CODE = YES;
				CLANG_WARN__DUPLICATE_METHOD_MATCH = YES;
				COPY_PHASE_STRIP = NO;
				DEBUG_INFORMATION_FORMAT = "dwarf-with-dsym";
				ENABLE_NS_ASSERTIONS = NO;
				ENABLE_STRICT_OBJC_MSGSEND = YES;
				GCC_C_LANGUAGE_STANDARD = gnu11;
				GCC_NO_COMMON_BLOCKS = YES;
				GCC_WARN_64_TO_32_BIT_CONVERSION = YES;
				GCC_WARN_ABOUT_RETURN_TYPE = YES_ERROR;
				GCC_WARN_UNDECLARED_SELECTOR = YES;
				GCC_WARN_UNINITIALIZED_AUTOS = YES_AGGRESSIVE;
				GCC_WARN_UNUSED_FUNCTION = YES;
				GCC_WARN_UNUSED_VARIABLE = YES;
				IPHONEOS_DEPLOYMENT_TARGET = 13.6;
				MTL_ENABLE_DEBUG_INFO = NO;
				MTL_FAST_MATH = YES;
				SDKROOT = iphoneos;
				SWIFT_COMPILATION_MODE = wholemodule;
				SWIFT_OPTIMIZATION_LEVEL = "-O";
				VALIDATE_PRODUCT = YES;
			};
			name = Release;
		};
		C68AA09325533DA700F88201 /* Debug */ = {
			isa = XCBuildConfiguration;
			buildSettings = {
				ASSETCATALOG_COMPILER_APPICON_NAME = AppIcon;
				CODE_SIGN_STYLE = Automatic;
				DEVELOPMENT_ASSET_PATHS = "\"nrgWayWellness/Preview Content\"";
				ENABLE_PREVIEWS = YES;
				INFOPLIST_FILE = nrgWayWellness/resources/Info.plist;
				LD_RUNPATH_SEARCH_PATHS = (
					"$(inherited)",
					"@executable_path/Frameworks",
				);
				PRODUCT_BUNDLE_IDENTIFIER = com.nrgWayWellness;
				PRODUCT_NAME = "$(TARGET_NAME)";
				SWIFT_VERSION = 5.0;
				TARGETED_DEVICE_FAMILY = "1,2";
			};
			name = Debug;
		};
		C68AA09425533DA700F88201 /* Release */ = {
			isa = XCBuildConfiguration;
			buildSettings = {
				ASSETCATALOG_COMPILER_APPICON_NAME = AppIcon;
				CODE_SIGN_STYLE = Automatic;
				DEVELOPMENT_ASSET_PATHS = "\"nrgWayWellness/Preview Content\"";
				ENABLE_PREVIEWS = YES;
				INFOPLIST_FILE = nrgWayWellness/resources/Info.plist;
				LD_RUNPATH_SEARCH_PATHS = (
					"$(inherited)",
					"@executable_path/Frameworks",
				);
				PRODUCT_BUNDLE_IDENTIFIER = com.nrgWayWellness;
				PRODUCT_NAME = "$(TARGET_NAME)";
				SWIFT_VERSION = 5.0;
				TARGETED_DEVICE_FAMILY = "1,2";
			};
			name = Release;
		};
		C68AA09625533DA700F88201 /* Debug */ = {
			isa = XCBuildConfiguration;
			buildSettings = {
				ALWAYS_EMBED_SWIFT_STANDARD_LIBRARIES = YES;
				BUNDLE_LOADER = "$(TEST_HOST)";
				CODE_SIGN_STYLE = Automatic;
				INFOPLIST_FILE = nrgWayWellnessTests/Info.plist;
				IPHONEOS_DEPLOYMENT_TARGET = 13.6;
				LD_RUNPATH_SEARCH_PATHS = (
					"$(inherited)",
					"@executable_path/Frameworks",
					"@loader_path/Frameworks",
				);
				PRODUCT_BUNDLE_IDENTIFIER = com.nrgWayWellnessTests;
				PRODUCT_NAME = "$(TARGET_NAME)";
				SWIFT_VERSION = 5.0;
				TARGETED_DEVICE_FAMILY = "1,2";
				TEST_HOST = "$(BUILT_PRODUCTS_DIR)/nrgWayWellness.app/nrgWayWellness";
			};
			name = Debug;
		};
		C68AA09725533DA700F88201 /* Release */ = {
			isa = XCBuildConfiguration;
			buildSettings = {
				ALWAYS_EMBED_SWIFT_STANDARD_LIBRARIES = YES;
				BUNDLE_LOADER = "$(TEST_HOST)";
				CODE_SIGN_STYLE = Automatic;
				INFOPLIST_FILE = nrgWayWellnessTests/Info.plist;
				IPHONEOS_DEPLOYMENT_TARGET = 13.6;
				LD_RUNPATH_SEARCH_PATHS = (
					"$(inherited)",
					"@executable_path/Frameworks",
					"@loader_path/Frameworks",
				);
				PRODUCT_BUNDLE_IDENTIFIER = com.nrgWayWellnessTests;
				PRODUCT_NAME = "$(TARGET_NAME)";
				SWIFT_VERSION = 5.0;
				TARGETED_DEVICE_FAMILY = "1,2";
				TEST_HOST = "$(BUILT_PRODUCTS_DIR)/nrgWayWellness.app/nrgWayWellness";
			};
			name = Release;
		};
		C68AA09925533DA700F88201 /* Debug */ = {
			isa = XCBuildConfiguration;
			buildSettings = {
				ALWAYS_EMBED_SWIFT_STANDARD_LIBRARIES = YES;
				CODE_SIGN_STYLE = Automatic;
				INFOPLIST_FILE = nrgWayWellnessUITests/Info.plist;
				LD_RUNPATH_SEARCH_PATHS = (
					"$(inherited)",
					"@executable_path/Frameworks",
					"@loader_path/Frameworks",
				);
				PRODUCT_BUNDLE_IDENTIFIER = com.nrgWayWellnessUITests;
				PRODUCT_NAME = "$(TARGET_NAME)";
				SWIFT_VERSION = 5.0;
				TARGETED_DEVICE_FAMILY = "1,2";
				TEST_TARGET_NAME = nrgWayWellness;
			};
			name = Debug;
		};
		C68AA09A25533DA700F88201 /* Release */ = {
			isa = XCBuildConfiguration;
			buildSettings = {
				ALWAYS_EMBED_SWIFT_STANDARD_LIBRARIES = YES;
				CODE_SIGN_STYLE = Automatic;
				INFOPLIST_FILE = nrgWayWellnessUITests/Info.plist;
				LD_RUNPATH_SEARCH_PATHS = (
					"$(inherited)",
					"@executable_path/Frameworks",
					"@loader_path/Frameworks",
				);
				PRODUCT_BUNDLE_IDENTIFIER = com.nrgWayWellnessUITests;
				PRODUCT_NAME = "$(TARGET_NAME)";
				SWIFT_VERSION = 5.0;
				TARGETED_DEVICE_FAMILY = "1,2";
				TEST_TARGET_NAME = nrgWayWellness;
			};
			name = Release;
		};
/* End XCBuildConfiguration section */

/* Begin XCConfigurationList section */
		C68AA06025533DA200F88201 /* Build configuration list for PBXProject "nrgWayWellness" */ = {
			isa = XCConfigurationList;
			buildConfigurations = (
				C68AA09025533DA700F88201 /* Debug */,
				C68AA09125533DA700F88201 /* Release */,
			);
			defaultConfigurationIsVisible = 0;
			defaultConfigurationName = Release;
		};
		C68AA09225533DA700F88201 /* Build configuration list for PBXNativeTarget "nrgWayWellness" */ = {
			isa = XCConfigurationList;
			buildConfigurations = (
				C68AA09325533DA700F88201 /* Debug */,
				C68AA09425533DA700F88201 /* Release */,
			);
			defaultConfigurationIsVisible = 0;
			defaultConfigurationName = Release;
		};
		C68AA09525533DA700F88201 /* Build configuration list for PBXNativeTarget "nrgWayWellnessTests" */ = {
			isa = XCConfigurationList;
			buildConfigurations = (
				C68AA09625533DA700F88201 /* Debug */,
				C68AA09725533DA700F88201 /* Release */,
			);
			defaultConfigurationIsVisible = 0;
			defaultConfigurationName = Release;
		};
		C68AA09825533DA700F88201 /* Build configuration list for PBXNativeTarget "nrgWayWellnessUITests" */ = {
			isa = XCConfigurationList;
			buildConfigurations = (
				C68AA09925533DA700F88201 /* Debug */,
				C68AA09A25533DA700F88201 /* Release */,
			);
			defaultConfigurationIsVisible = 0;
			defaultConfigurationName = Release;
		};
/* End XCConfigurationList section */

/* Begin XCRemoteSwiftPackageReference section */
		C66B084C25573D3200D911CE /* XCRemoteSwiftPackageReference "EnvironmentOverrides" */ = {
			isa = XCRemoteSwiftPackageReference;
			repositoryURL = "https://github.com/nalexn/EnvironmentOverrides";
			requirement = {
				kind = upToNextMajorVersion;
				minimumVersion = 0.0.2;
			};
		};
/* End XCRemoteSwiftPackageReference section */

/* Begin XCSwiftPackageProductDependency section */
		C66B084D25573D3200D911CE /* EnvironmentOverrides */ = {
			isa = XCSwiftPackageProductDependency;
			package = C66B084C25573D3200D911CE /* XCRemoteSwiftPackageReference "EnvironmentOverrides" */;
			productName = EnvironmentOverrides;
		};
/* End XCSwiftPackageProductDependency section */

/* Begin XCVersionGroup section */
		C68AA06C25533DA200F88201 /* nrgWayWellness.xcdatamodeld */ = {
			isa = XCVersionGroup;
			children = (
				C68AA06D25533DA200F88201 /* nrgWayWellness.xcdatamodel */,
			);
			currentVersion = C68AA06D25533DA200F88201 /* nrgWayWellness.xcdatamodel */;
			path = nrgWayWellness.xcdatamodeld;
			sourceTree = "<group>";
			versionGroupType = wrapper.xcdatamodel;
		};
/* End XCVersionGroup section */
	};
	rootObject = C68AA05D25533DA200F88201 /* Project object */;
}
